// !$*UTF8*$!
{
	archiveVersion = 1;
	classes = {
	};
	objectVersion = 77;
	objects = {

/* Begin PBXBuildFile section */
		02CF516ECBF0AD6AF038DEF8 /* LiquidGlassKit in Frameworks */ = {isa = PBXBuildFile; productRef = E1F2E895BBE5E9609E17ECAA /* LiquidGlassKit */; };
		035704F3EF5E2746903894C4 /* PageMediaGallery.swift in Sources */ = {isa = PBXBuildFile; fileRef = D163AA4744C0E86692930FB6 /* PageMediaGallery.swift */; };
		03F7A4C3ACB31CC61B8F4B38 /* DatabasePageBrowserSheet.swift in Sources */ = {isa = PBXBuildFile; fileRef = 5FC65261AB128B4346DD0F22 /* DatabasePageBrowserSheet.swift */; };
		04AB519077A6EEA8A99A5EDC /* MacVideoSavePopover.swift in Sources */ = {isa = PBXBuildFile; fileRef = 178795E8B020694776EBD065 /* MacVideoSavePopover.swift */; };
		05853A325C958023D44EA3C3 /* ExercisePageDetailView.swift in Sources */ = {isa = PBXBuildFile; fileRef = BA214153A177B646B5716F8F /* ExercisePageDetailView.swift */; };
		07539DFCC2AB76D4821659F3 /* MusicLibraryModels.swift in Sources */ = {isa = PBXBuildFile; fileRef = A694D8D9DD60CCD872FB8C2D /* MusicLibraryModels.swift */; };
		080D41A92088ED6AD64BD1A9 /* MusicPlayerPane.swift in Sources */ = {isa = PBXBuildFile; fileRef = E7B131AC7DD63D608E6C3CB3 /* MusicPlayerPane.swift */; };
		09F3F5193FB171C978494FEC /* HomeDashboardView.swift in Sources */ = {isa = PBXBuildFile; fileRef = A1982E564F4214D2342CB79D /* HomeDashboardView.swift */; };
		0A8D5CD3B048420DD121192F /* ExerciseNamingService.swift in Sources */ = {isa = PBXBuildFile; fileRef = F5F451370DBD282BA9ED115D /* ExerciseNamingService.swift */; };
		0B3EB713E98DABAD9DB6ADF8 /* MusicGuideOverlay.swift in Sources */ = {isa = PBXBuildFile; fileRef = 8880F70DC5DDC88AD96D653B /* MusicGuideOverlay.swift */; };
		0E3D6F53D5FD08241E20CD03 /* OutdoorMapOfflineManager.swift in Sources */ = {isa = PBXBuildFile; fileRef = B58013D8E786ACE5E076ADF7 /* OutdoorMapOfflineManager.swift */; };
		0FB34F5C91091CEECFC8D331 /* WorkoutPlayerView.swift in Sources */ = {isa = PBXBuildFile; fileRef = 9ADAD9B141C4818314EE1253 /* WorkoutPlayerView.swift */; };
		11EBDDA32870EBD38CC6EBE4 /* DatabaseSectionPickerView.swift in Sources */ = {isa = PBXBuildFile; fileRef = 21658C2964F1C26C78786FC3 /* DatabaseSectionPickerView.swift */; };
		131D0631E4E8284C9D89FE5F /* VideoEditorViewModel.swift in Sources */ = {isa = PBXBuildFile; fileRef = DD51B28A67F20C1A78F03397 /* VideoEditorViewModel.swift */; };
		15A2746BE489C2E629107344 /* OutdoorMapOfflineSettingsView.swift in Sources */ = {isa = PBXBuildFile; fileRef = 51B1310C047ABD9B4B2694B1 /* OutdoorMapOfflineSettingsView.swift */; };
		163AA4E32C4E8BD3F77A991F /* PrivateLiquidGlass.swift in Sources */ = {isa = PBXBuildFile; fileRef = 2B8D0B299BE9EADEB23A74D6 /* PrivateLiquidGlass.swift */; };
		1721B0FEDD18A9A1C6044358 /* AIStore.swift in Sources */ = {isa = PBXBuildFile; fileRef = 08AAEB576B7DB134E5212C54 /* AIStore.swift */; };
		178D5EA64B0BB4B4288F96E5 /* WorkoutResumeManager.swift in Sources */ = {isa = PBXBuildFile; fileRef = 9B6957E395CCFFEE6C589650 /* WorkoutResumeManager.swift */; };
		1A09605C35CFF03E5621A168 /* ToolRouter.swift in Sources */ = {isa = PBXBuildFile; fileRef = 2E89B236DA27477DE058ABD6 /* ToolRouter.swift */; };
		1C569EE71A05017FC049612C /* OutdoorActivity.swift in Sources */ = {isa = PBXBuildFile; fileRef = 1AF102743F20E4127F1E5EF6 /* OutdoorActivity.swift */; };
		1E682B19040505173A331CB0 /* FloatingControlsBar.swift in Sources */ = {isa = PBXBuildFile; fileRef = 6E38BC78673EC52C30C37CFB /* FloatingControlsBar.swift */; };
		1F014AA42226639BBE471F24 /* BackupManager.swift in Sources */ = {isa = PBXBuildFile; fileRef = 5E287CB0142E9444C0E8CE06 /* BackupManager.swift */; };
		1F38F1E5BDA6E33ABCFF446E /* MusicManager.swift in Sources */ = {isa = PBXBuildFile; fileRef = A9F596DD500BCC620B6E3318 /* MusicManager.swift */; };
		1FB477637AC9EC02C7CB82AE /* WorkoutTypesSettingsView.swift in Sources */ = {isa = PBXBuildFile; fileRef = 17CA3D35330EB704FCDFB8B2 /* WorkoutTypesSettingsView.swift */; };
		20A75B2A698DC7E5010B4CC5 /* OutdoorActivity.swift in Sources */ = {isa = PBXBuildFile; fileRef = 1AF102743F20E4127F1E5EF6 /* OutdoorActivity.swift */; };
		20DE70D5B08F45B91DFE946E /* MacVideoEditorModel.swift in Sources */ = {isa = PBXBuildFile; fileRef = 23EE3E0BC826FCFD182367D3 /* MacVideoEditorModel.swift */; };
		20F019992B3164F1D0AA6505 /* DatabaseStore.swift in Sources */ = {isa = PBXBuildFile; fileRef = 15AA01746BBCB2AC35816B2D /* DatabaseStore.swift */; };
		21BA70DFF7E86CAE36A5C37B /* AudioManager.swift in Sources */ = {isa = PBXBuildFile; fileRef = B26870953ABC5C4610D424C6 /* AudioManager.swift */; };
		231E7E1E2C99753E61EBEE54 /* PhotoManager.swift in Sources */ = {isa = PBXBuildFile; fileRef = C66B50B0364426A1FB53608A /* PhotoManager.swift */; };
		2543624AAD36591073E219EA /* PageMediaGallery.swift in Sources */ = {isa = PBXBuildFile; fileRef = D163AA4744C0E86692930FB6 /* PageMediaGallery.swift */; };
		25AE8340C3DD506C78A63CE2 /* PageCreationSheet.swift in Sources */ = {isa = PBXBuildFile; fileRef = C7A3A1CAF77CA030B8E930D9 /* PageCreationSheet.swift */; };
		2681C7964176B8B24E7E591B /* Theme.swift in Sources */ = {isa = PBXBuildFile; fileRef = F807BCDB518D68ED40746740 /* Theme.swift */; };
		26A31AF3709B259294075DCC /* MacVideoDatabaseImporter.swift in Sources */ = {isa = PBXBuildFile; fileRef = A1828544134A1982F2E9500F /* MacVideoDatabaseImporter.swift */; };
		26E7AE1E2D900122B5023DB1 /* TimeMasterApp.swift in Sources */ = {isa = PBXBuildFile; fileRef = 552876E98DFAA9DD232A21D3 /* TimeMasterApp.swift */; };
		27071C3840BF1635925CB6CD /* DurationPickerView.swift in Sources */ = {isa = PBXBuildFile; fileRef = 044840F8C2EAA06CD43381D5 /* DurationPickerView.swift */; };
		28C9BA6DB2D0CDF328F955D5 /* MacVideoEditorView.swift in Sources */ = {isa = PBXBuildFile; fileRef = 9BC332F0025272F928B063C5 /* MacVideoEditorView.swift */; };
		29158F6F1C5270FBE2A7B861 /* Workout.swift in Sources */ = {isa = PBXBuildFile; fileRef = 282193241415BB7A32B3786C /* Workout.swift */; };
		2961777529AC80F2A9570C32 /* ExerciseNamingService.swift in Sources */ = {isa = PBXBuildFile; fileRef = F5F451370DBD282BA9ED115D /* ExerciseNamingService.swift */; };
		298AD304188737C7C50AFBD4 /* TimeMasterApp.swift in Sources */ = {isa = PBXBuildFile; fileRef = 552876E98DFAA9DD232A21D3 /* TimeMasterApp.swift */; };
		2B55D0F00A9F2A54F585FDCC /* AICoachView.swift in Sources */ = {isa = PBXBuildFile; fileRef = CC2B31A2CB068DFC3D3CF6C9 /* AICoachView.swift */; };
		2C1D6DF3FDCC4234D774CFBD /* MusicGlassControls.swift in Sources */ = {isa = PBXBuildFile; fileRef = 8E05E0D00A32813995076AC9 /* MusicGlassControls.swift */; };
		2E0C54F31F1BD8B352CE6FF1 /* WorkoutListView.swift in Sources */ = {isa = PBXBuildFile; fileRef = F93961D2BE0D286A7A9268E7 /* WorkoutListView.swift */; };
		2E7A0499465CDAF7F07FDC34 /* MediaPreviewSheet.swift in Sources */ = {isa = PBXBuildFile; fileRef = 2F435C38E0A49A5A662AEB9F /* MediaPreviewSheet.swift */; };
		2F25651905E1A1B333D99DF1 /* ServerDiscovery.swift in Sources */ = {isa = PBXBuildFile; fileRef = 974234249F4F5FE01C287372 /* ServerDiscovery.swift */; };
		3098DC6341C897F9D10C082F /* WorkoutDetailView.swift in Sources */ = {isa = PBXBuildFile; fileRef = CC960EC12B1CFF9CD3AA7AC1 /* WorkoutDetailView.swift */; };
		3157B85C810E38C457FC1C7E /* MusicSettingsView.swift in Sources */ = {isa = PBXBuildFile; fileRef = 544CDDB388219EA439FC403E /* MusicSettingsView.swift */; };
		32A7DE735947C3A995C1ABED /* OutdoorMetricsCalculator.swift in Sources */ = {isa = PBXBuildFile; fileRef = B332BC1DDB6BB0093965A456 /* OutdoorMetricsCalculator.swift */; };
		345635E5511476C9C6A86E42 /* OutdoorActivitySummaryView.swift in Sources */ = {isa = PBXBuildFile; fileRef = ACA3857BCB7178CD29909ABA /* OutdoorActivitySummaryView.swift */; };
		355D53015A74800EB1032FB4 /* Theme.swift in Sources */ = {isa = PBXBuildFile; fileRef = F807BCDB518D68ED40746740 /* Theme.swift */; };
		36662D83C3CB3D8D357DEB4C /* ZIPFoundation in Frameworks */ = {isa = PBXBuildFile; productRef = 85E2120C60EC88EBCAB370DF /* ZIPFoundation */; };
		38F4D6D6E4EB92879758A36F /* BatchConfirmView.swift in Sources */ = {isa = PBXBuildFile; fileRef = 52BE02D9ACB3E4B5AE58FFCF /* BatchConfirmView.swift */; };
		3A0F9D922F125196542FFBF1 /* OutdoorActivityStore.swift in Sources */ = {isa = PBXBuildFile; fileRef = 01618C53E4137D7AC1CB4DCF /* OutdoorActivityStore.swift */; };
		3ADF98953F934302D315ED4D /* ExercisePage.swift in Sources */ = {isa = PBXBuildFile; fileRef = 1521D9DCA4A8F38702E195D6 /* ExercisePage.swift */; };
		3B4226EB7ADBAD2EB945B88E /* OutdoorMetricsCalculator.swift in Sources */ = {isa = PBXBuildFile; fileRef = B332BC1DDB6BB0093965A456 /* OutdoorMetricsCalculator.swift */; };
		3BBC9310F475328AC32F36DC /* OutdoorRouteSnapper.swift in Sources */ = {isa = PBXBuildFile; fileRef = 97F588DC9A67F4FD4B9F4232 /* OutdoorRouteSnapper.swift */; };
		3C42A22EDDA3D4E08D4DEECC /* MacVideoEditorView.swift in Sources */ = {isa = PBXBuildFile; fileRef = 9BC332F0025272F928B063C5 /* MacVideoEditorView.swift */; };
		3E9F5D16097670B3CD457766 /* ExercisePageDetailView.swift in Sources */ = {isa = PBXBuildFile; fileRef = BA214153A177B646B5716F8F /* ExercisePageDetailView.swift */; };
		408A3749AC93ECD68CF94B10 /* WorkoutRemindersView.swift in Sources */ = {isa = PBXBuildFile; fileRef = C2A7A902D00787142161E1D0 /* WorkoutRemindersView.swift */; };
		42395E6AB9C8F12679CA99A8 /* MacVideoSource.swift in Sources */ = {isa = PBXBuildFile; fileRef = 3896E1DB54CF274AE19918D9 /* MacVideoSource.swift */; };
		427E18A7BB2D360BD025A83B /* MusicLibraryModels.swift in Sources */ = {isa = PBXBuildFile; fileRef = A694D8D9DD60CCD872FB8C2D /* MusicLibraryModels.swift */; };
		44313C07E2AC07FE3A4B99D8 /* PageLinkPreview.swift in Sources */ = {isa = PBXBuildFile; fileRef = AE37AEFDB6AEF4406879D5A3 /* PageLinkPreview.swift */; };
		456D34AD6F57FBF2E8B267C4 /* Assets.xcassets in Resources */ = {isa = PBXBuildFile; fileRef = 4CF0096279C5C397D6B69421 /* Assets.xcassets */; };
		45E020960E9572DFC4C18512 /* MacVideoSource.swift in Sources */ = {isa = PBXBuildFile; fileRef = 3896E1DB54CF274AE19918D9 /* MacVideoSource.swift */; };
		4692522E636D242DDBB76692 /* MacVideoDatabaseImporter.swift in Sources */ = {isa = PBXBuildFile; fileRef = A1828544134A1982F2E9500F /* MacVideoDatabaseImporter.swift */; };
		478C04B1C47C61C1017A2323 /* ProfileView.swift in Sources */ = {isa = PBXBuildFile; fileRef = F7D941281F25CED3B19B4557 /* ProfileView.swift */; };
		47CABD616B106BCCE27006DC /* WorkoutListView.swift in Sources */ = {isa = PBXBuildFile; fileRef = F93961D2BE0D286A7A9268E7 /* WorkoutListView.swift */; };
		4986FBC4105C7ECB9A1DF962 /* AsyncCoverImage.swift in Sources */ = {isa = PBXBuildFile; fileRef = 31AF35A8C9D810F6A66D610F /* AsyncCoverImage.swift */; };
		4A6515879F053053022E4F1E /* SlotNavigationArc.swift in Sources */ = {isa = PBXBuildFile; fileRef = 9307001A6FC7FD76022967AE /* SlotNavigationArc.swift */; };
		4AAB34B6F3ADC836006D7721 /* MotivationManager.swift in Sources */ = {isa = PBXBuildFile; fileRef = 108D87DB2422C2B7434532CE /* MotivationManager.swift */; };
		4ADD90C5CBC2CFA8B908A118 /* BackupView.swift in Sources */ = {isa = PBXBuildFile; fileRef = 5560E604DE15405F64FB3B6B /* BackupView.swift */; };
		4AF8953E1920FC31E031074E /* SlotNavigationArc.swift in Sources */ = {isa = PBXBuildFile; fileRef = 9307001A6FC7FD76022967AE /* SlotNavigationArc.swift */; };
		4B903E92D428D16BD181A217 /* WorkoutPickerSheet.swift in Sources */ = {isa = PBXBuildFile; fileRef = 901825E1313282F9A698669C /* WorkoutPickerSheet.swift */; };
		4C234617F046C60627DE9F13 /* OutdoorExportService.swift in Sources */ = {isa = PBXBuildFile; fileRef = E6ED4DE0D6AB70A5C0092224 /* OutdoorExportService.swift */; };
		4C5EC5E1E873C67D607478DA /* NotificationManager.swift in Sources */ = {isa = PBXBuildFile; fileRef = AADDE983BD98A183CACB5A0A /* NotificationManager.swift */; };
		4CFDD4F767F087E04B3C554E /* SlotNavigationContainer.swift in Sources */ = {isa = PBXBuildFile; fileRef = 754B28C30A321F0E407FC8FA /* SlotNavigationContainer.swift */; };
		4D34183ADD9043FD3D2457EE /* MusicSettingsView.swift in Sources */ = {isa = PBXBuildFile; fileRef = 544CDDB388219EA439FC403E /* MusicSettingsView.swift */; };
		4F827B5F7BFAB9ECD9CCF4D2 /* MusicProviderAdapters.swift in Sources */ = {isa = PBXBuildFile; fileRef = 18C92EF761CE54686C4177F7 /* MusicProviderAdapters.swift */; };
		51521585263E680D0796CD7D /* MotivationSettingsView.swift in Sources */ = {isa = PBXBuildFile; fileRef = 262C63F71236516065104666 /* MotivationSettingsView.swift */; };
		518B2DE773F5BA3742F43985 /* MacVideoImportSheet.swift in Sources */ = {isa = PBXBuildFile; fileRef = 87B516D04CC0A21078FB5193 /* MacVideoImportSheet.swift */; };
		5246CEED03110373718500FB /* ServerDiscovery.swift in Sources */ = {isa = PBXBuildFile; fileRef = 974234249F4F5FE01C287372 /* ServerDiscovery.swift */; };
		5264C3C2D2EFA39002CC4542 /* MacVideoTimelineSegment.swift in Sources */ = {isa = PBXBuildFile; fileRef = C393FECEE55B31227B53D286 /* MacVideoTimelineSegment.swift */; };
		5354F8C2C9C7E6081A8DDF8E /* WorkoutSectionBuilder.swift in Sources */ = {isa = PBXBuildFile; fileRef = DBE151E4B99B53638232D2DB /* WorkoutSectionBuilder.swift */; };
		559875969C22D170D7FA2287 /* OutdoorMapLibreView.swift in Sources */ = {isa = PBXBuildFile; fileRef = C5BC831437460203726A338E /* OutdoorMapLibreView.swift */; };
		561D8865CC22DA4044C86267 /* MusicGlassControls.swift in Sources */ = {isa = PBXBuildFile; fileRef = 8E05E0D00A32813995076AC9 /* MusicGlassControls.swift */; };
		56E37DD04D21CBCBCEE65195 /* AICoachView.swift in Sources */ = {isa = PBXBuildFile; fileRef = CC2B31A2CB068DFC3D3CF6C9 /* AICoachView.swift */; };
		588BAA67DE57B021348373EF /* WorkoutRemindersView.swift in Sources */ = {isa = PBXBuildFile; fileRef = C2A7A902D00787142161E1D0 /* WorkoutRemindersView.swift */; };
		590DC71BE8C0231A275DCEEE /* PageCardView.swift in Sources */ = {isa = PBXBuildFile; fileRef = 147E3BD8DE078C3FE350F602 /* PageCardView.swift */; };
		5B3D5BF736DEF005BB3D9B68 /* HistoryView.swift in Sources */ = {isa = PBXBuildFile; fileRef = 811BB55E3BD88B54CD74BF4C /* HistoryView.swift */; };
		5B75D83FC26CD308E19AF683 /* OutdoorRouteSnapper.swift in Sources */ = {isa = PBXBuildFile; fileRef = 97F588DC9A67F4FD4B9F4232 /* OutdoorRouteSnapper.swift */; };
		5C5E3913C7E0AEBF4C6B7227 /* SectionRow.swift in Sources */ = {isa = PBXBuildFile; fileRef = B7EEE9EC6D1BCA35970E2AA0 /* SectionRow.swift */; };
		5ED57B09F6050B8A9889EB11 /* MacVideoSavePopover.swift in Sources */ = {isa = PBXBuildFile; fileRef = 178795E8B020694776EBD065 /* MacVideoSavePopover.swift */; };
		5F31DFA7984D308D0EFF33B0 /* WorkoutCard.swift in Sources */ = {isa = PBXBuildFile; fileRef = 618A088E13FA1540299DFDE1 /* WorkoutCard.swift */; };
		5F9122497A6B1D0BA5D17E14 /* DatabaseView.swift in Sources */ = {isa = PBXBuildFile; fileRef = FDC6F1BB5C2EAC1AC1DC0421 /* DatabaseView.swift */; };
		635364FD2E822E1DD4AD6895 /* ServerSettingsView.swift in Sources */ = {isa = PBXBuildFile; fileRef = 3ED4B2AA73E974BE8B8FBA55 /* ServerSettingsView.swift */; };
		63D7A3D45E7ED573975C7AB6 /* OutdoorMapOfflineSettingsView.swift in Sources */ = {isa = PBXBuildFile; fileRef = 51B1310C047ABD9B4B2694B1 /* OutdoorMapOfflineSettingsView.swift */; };
		64343BE5E9F5DA35397089FD /* SettingsView.swift in Sources */ = {isa = PBXBuildFile; fileRef = FF7C3D82BCDAF71304D5E180 /* SettingsView.swift */; };
		665A7A181116B00B4845C8E1 /* VideoTrimService.swift in Sources */ = {isa = PBXBuildFile; fileRef = D84B5A5EA777C4BE497FC8C1 /* VideoTrimService.swift */; };
		68A5CE3F374D4FDB07671FEA /* MusicManager.swift in Sources */ = {isa = PBXBuildFile; fileRef = A9F596DD500BCC620B6E3318 /* MusicManager.swift */; };
		69CA6E3FFE91CDC1C036390A /* WorkoutPlayerView.swift in Sources */ = {isa = PBXBuildFile; fileRef = 9ADAD9B141C4818314EE1253 /* WorkoutPlayerView.swift */; };
		6AF2F0DA33DF607E3BA97D9E /* WorkoutResumeManager.swift in Sources */ = {isa = PBXBuildFile; fileRef = 9B6957E395CCFFEE6C589650 /* WorkoutResumeManager.swift */; };
		6B201BE5D8D6C8685E62EC17 /* KeychainHelper.swift in Sources */ = {isa = PBXBuildFile; fileRef = 5D582991CAE01E1427BA7D5B /* KeychainHelper.swift */; };
		70A8938D4FADD29277FBC7EC /* MusicLibraryScreen.swift in Sources */ = {isa = PBXBuildFile; fileRef = 0CFE4033315C9DD766463155 /* MusicLibraryScreen.swift */; };
		72D7C68C05374223CD37BFB9 /* SectionRow.swift in Sources */ = {isa = PBXBuildFile; fileRef = B7EEE9EC6D1BCA35970E2AA0 /* SectionRow.swift */; };
		772385FE936467AA631F28E3 /* Workout.swift in Sources */ = {isa = PBXBuildFile; fileRef = 282193241415BB7A32B3786C /* Workout.swift */; };
		799EFBBC8EC17CA89623F013 /* VideoEditorView.swift in Sources */ = {isa = PBXBuildFile; fileRef = 84C07B8E3BBB5EBD2D7DCAA3 /* VideoEditorView.swift */; };
		7B53FEBE75247574E2D513E2 /* SwiftMP3 in Frameworks */ = {isa = PBXBuildFile; productRef = 08B40C23A0D2EC5ACDFA623B /* SwiftMP3 */; };
		7C5FFA24F31FE1821A041E53 /* AnalyticsView.swift in Sources */ = {isa = PBXBuildFile; fileRef = 001DA950EC696EBC1C782DF5 /* AnalyticsView.swift */; };
		7D60CF2FC810CA8CDC9A7D90 /* WorkoutSectionBuilder.swift in Sources */ = {isa = PBXBuildFile; fileRef = DBE151E4B99B53638232D2DB /* WorkoutSectionBuilder.swift */; };
		7DB0E30619543987A477CDB6 /* Info.plist in Resources */ = {isa = PBXBuildFile; fileRef = 3C6AF2DDD32ED947B58D02B0 /* Info.plist */; };
		7E3E7C0A82E3BD9DABD69583 /* OutdoorLocationRecorder.swift in Sources */ = {isa = PBXBuildFile; fileRef = CC8D7A548AC7A53A5EB150FA /* OutdoorLocationRecorder.swift */; };
		812293D59B8D2DC72C9767B0 /* OutdoorMapOfflineManager.swift in Sources */ = {isa = PBXBuildFile; fileRef = B58013D8E786ACE5E076ADF7 /* OutdoorMapOfflineManager.swift */; };
		81FB475AFB479F71C7428AB0 /* ZIPFoundation in Frameworks */ = {isa = PBXBuildFile; productRef = BBF59F7E7638550A5AE16200 /* ZIPFoundation */; };
		82AF5B7320BEF46320E1F53B /* VideoEmbedCard.swift in Sources */ = {isa = PBXBuildFile; fileRef = 2174535363CFC988D190B790 /* VideoEmbedCard.swift */; };
		82DB6A336E75B5E7CB4FC3F6 /* ExerciseAISettingsView.swift in Sources */ = {isa = PBXBuildFile; fileRef = C292D5EBD8FE623151401D3B /* ExerciseAISettingsView.swift */; };
		86B5AEF3ACE4323FE1957C86 /* TimeMasterCore in Frameworks */ = {isa = PBXBuildFile; productRef = 6597294304852DBC80D29D90 /* TimeMasterCore */; };
		8738B5C840599628FD8BD930 /* NotificationManager.swift in Sources */ = {isa = PBXBuildFile; fileRef = AADDE983BD98A183CACB5A0A /* NotificationManager.swift */; };
		8766E931A44209E4AE84B482 /* VideoEmbedCard.swift in Sources */ = {isa = PBXBuildFile; fileRef = 2174535363CFC988D190B790 /* VideoEmbedCard.swift */; };
		8774DCE1AA5D3C75471D2821 /* WorkoutHistory.swift in Sources */ = {isa = PBXBuildFile; fileRef = 42FDBEB5643249D2AE210599 /* WorkoutHistory.swift */; };
		895B628DEFD5D54381D4A684 /* MacVideoEditorModel.swift in Sources */ = {isa = PBXBuildFile; fileRef = 23EE3E0BC826FCFD182367D3 /* MacVideoEditorModel.swift */; };
		8A1EE260FFAB26D2EB3A245C /* SlotNavigationItem.swift in Sources */ = {isa = PBXBuildFile; fileRef = BF3BA19ED70686C66D9D7AD6 /* SlotNavigationItem.swift */; };
		8ACEDC7512FEB9A0F8708243 /* PageTreeBuilder.swift in Sources */ = {isa = PBXBuildFile; fileRef = BF2175E25BF275E3B9D91DDA /* PageTreeBuilder.swift */; };
		8ADC60A7F1B2F25CE2EEC828 /* TrayItem.swift in Sources */ = {isa = PBXBuildFile; fileRef = F2D865D276E5E4E8F8A3F260 /* TrayItem.swift */; };
		8E10F16687300FCA610669A3 /* WorkoutCard.swift in Sources */ = {isa = PBXBuildFile; fileRef = 618A088E13FA1540299DFDE1 /* WorkoutCard.swift */; };
		8E7C11DD25A21C06BAFAF5AF /* Info-macOS.plist in Resources */ = {isa = PBXBuildFile; fileRef = 9991CAB36F9339458080C09D /* Info-macOS.plist */; };
		90F67F23C5E12ED3F7D9E680 /* MacVideoDownloadService.swift in Sources */ = {isa = PBXBuildFile; fileRef = 50B459F5FDFDB2FBCA5E4EB4 /* MacVideoDownloadService.swift */; };
		915FEE50E6150A07D9782D4E /* PhotoManager.swift in Sources */ = {isa = PBXBuildFile; fileRef = C66B50B0364426A1FB53608A /* PhotoManager.swift */; };
		93E9185010BEC8FBEDB66240 /* MusicLibraryScreen.swift in Sources */ = {isa = PBXBuildFile; fileRef = 0CFE4033315C9DD766463155 /* MusicLibraryScreen.swift */; };
		95A50701B3F318C1C99F6983 /* MotivationSettingsView.swift in Sources */ = {isa = PBXBuildFile; fileRef = 262C63F71236516065104666 /* MotivationSettingsView.swift */; };
		95F3A280CFA2C2673F4C0137 /* HistoryView.swift in Sources */ = {isa = PBXBuildFile; fileRef = 811BB55E3BD88B54CD74BF4C /* HistoryView.swift */; };
		96444760F84DA562E3C1E961 /* ExerciseDatabase.swift in Sources */ = {isa = PBXBuildFile; fileRef = 0A7328C89B0529370A856E55 /* ExerciseDatabase.swift */; };
		973D6FCA54ADE1593D0B32B2 /* MainTabView.swift in Sources */ = {isa = PBXBuildFile; fileRef = E3323F148BE5A75196E090AC /* MainTabView.swift */; };
		975070E4C105A5AD8AC36459 /* MacVideoTimelineSegment.swift in Sources */ = {isa = PBXBuildFile; fileRef = C393FECEE55B31227B53D286 /* MacVideoTimelineSegment.swift */; };
		97CFB293859EC231EAE8424A /* MacVideoDraft.swift in Sources */ = {isa = PBXBuildFile; fileRef = 93C91983F7949FD5F87F9C1B /* MacVideoDraft.swift */; };
		99D84511BC7FC327EF67428E /* HomeDashboardView.swift in Sources */ = {isa = PBXBuildFile; fileRef = A1982E564F4214D2342CB79D /* HomeDashboardView.swift */; };
		9A153924D406F6947DE98D1F /* OutdoorExportService.swift in Sources */ = {isa = PBXBuildFile; fileRef = E6ED4DE0D6AB70A5C0092224 /* OutdoorExportService.swift */; };
		9AFD9091F109575DF5835A11 /* DatabasePageBrowserSheet.swift in Sources */ = {isa = PBXBuildFile; fileRef = 5FC65261AB128B4346DD0F22 /* DatabasePageBrowserSheet.swift */; };
		9BFD7F587F2BB8FF389A036E /* RoutePickerSheet.swift in Sources */ = {isa = PBXBuildFile; fileRef = 6B37FDFA364543441E9C7F03 /* RoutePickerSheet.swift */; };
		9CC9684997DA3660B5666198 /* ExerciseAISettingsView.swift in Sources */ = {isa = PBXBuildFile; fileRef = C292D5EBD8FE623151401D3B /* ExerciseAISettingsView.swift */; };
		9CCD24B9A2CE8065FDD8507D /* ExercisePageOverlay.swift in Sources */ = {isa = PBXBuildFile; fileRef = 7F7BFAD21B9B1C17B9DE368D /* ExercisePageOverlay.swift */; };
		9CE5F2326BA858138E1E243C /* PrivateLiquidGlass.swift in Sources */ = {isa = PBXBuildFile; fileRef = 2B8D0B299BE9EADEB23A74D6 /* PrivateLiquidGlass.swift */; };
		A1002CEC02F404EAC8516516 /* OutdoorRecorderView.swift in Sources */ = {isa = PBXBuildFile; fileRef = D07B310C529307C7D12F2CD2 /* OutdoorRecorderView.swift */; };
		A10F054C17CDB14E070E3401 /* OutdoorRecorderView.swift in Sources */ = {isa = PBXBuildFile; fileRef = D07B310C529307C7D12F2CD2 /* OutdoorRecorderView.swift */; };
		A248D30E44101EBE3E5878D8 /* SlotNavigationItem.swift in Sources */ = {isa = PBXBuildFile; fileRef = BF3BA19ED70686C66D9D7AD6 /* SlotNavigationItem.swift */; };
		A250AB5CC10EA0272D2ED9ED /* OutdoorLocationRecorder.swift in Sources */ = {isa = PBXBuildFile; fileRef = CC8D7A548AC7A53A5EB150FA /* OutdoorLocationRecorder.swift */; };
		A52B57AED83D34523ACF7433 /* MainTabView.swift in Sources */ = {isa = PBXBuildFile; fileRef = E3323F148BE5A75196E090AC /* MainTabView.swift */; };
		A5911FFA14CB9FDBD3D8F668 /* WorkoutStore.swift in Sources */ = {isa = PBXBuildFile; fileRef = 604FCB76AD2F1E4AAD560805 /* WorkoutStore.swift */; };
		A610C5130B7740502281E80C /* PageCardView.swift in Sources */ = {isa = PBXBuildFile; fileRef = 147E3BD8DE078C3FE350F602 /* PageCardView.swift */; };
		A8022935A822FAA99CBA4EFA /* WorkoutDetailView.swift in Sources */ = {isa = PBXBuildFile; fileRef = CC960EC12B1CFF9CD3AA7AC1 /* WorkoutDetailView.swift */; };
		A8E33311034B7C801C07CDAB /* MacFilePicker.swift in Sources */ = {isa = PBXBuildFile; fileRef = 6A6C47C92F10694708275E65 /* MacFilePicker.swift */; };
		A914ED0F4CEBF37A0F126AB9 /* PlannedRoute.swift in Sources */ = {isa = PBXBuildFile; fileRef = E8B651EB5E182B829EAB5F72 /* PlannedRoute.swift */; };
		A9C93D7F18FE11AD0DCDE0DF /* SectionEditorView.swift in Sources */ = {isa = PBXBuildFile; fileRef = 50C588F8747756505B157DFC /* SectionEditorView.swift */; };
		AA338139391D16AB2B65CA22 /* AIProvider.swift in Sources */ = {isa = PBXBuildFile; fileRef = 1A30541E8A14548A023A7CCF /* AIProvider.swift */; };
		AA7714A8E81C30CF1B9F4F96 /* VideoEditorViewModel.swift in Sources */ = {isa = PBXBuildFile; fileRef = DD51B28A67F20C1A78F03397 /* VideoEditorViewModel.swift */; };
		AAD684B85FF8425C89AC4A5E /* MapLibre in Frameworks */ = {isa = PBXBuildFile; productRef = 9657EC7E161B4E4B7E8855A2 /* MapLibre */; };
		AE60993DD2ED3AED3CFCDFC1 /* AIProvider.swift in Sources */ = {isa = PBXBuildFile; fileRef = 1A30541E8A14548A023A7CCF /* AIProvider.swift */; };
		AEEB3AFDB1611498617662F6 /* RoutePickerSheet.swift in Sources */ = {isa = PBXBuildFile; fileRef = 6B37FDFA364543441E9C7F03 /* RoutePickerSheet.swift */; };
		B8F9E5AEDE24CB233157AD65 /* MacVideoPlayerView.swift in Sources */ = {isa = PBXBuildFile; fileRef = 22FAA1EDC1D9F05C4B0B3716 /* MacVideoPlayerView.swift */; };
		BA148F1C885761223D689FC4 /* MusicGuideOverlay.swift in Sources */ = {isa = PBXBuildFile; fileRef = 8880F70DC5DDC88AD96D653B /* MusicGuideOverlay.swift */; };
		BA6359DAA3E968E620523566 /* OutdoorMapLibreView.swift in Sources */ = {isa = PBXBuildFile; fileRef = C5BC831437460203726A338E /* OutdoorMapLibreView.swift */; };
		BAFFF55FD1388086FEC622F9 /* TimeMasterCore in Frameworks */ = {isa = PBXBuildFile; productRef = 252C84030B2F7B9008ABFAF3 /* TimeMasterCore */; };
		BB4F39D0883462DD08776419 /* TrayCardView.swift in Sources */ = {isa = PBXBuildFile; fileRef = 47FC162E9FB73397A81F0F44 /* TrayCardView.swift */; };
		BC268E0D78881E52B0CD40BD /* MacFilePicker.swift in Sources */ = {isa = PBXBuildFile; fileRef = 6A6C47C92F10694708275E65 /* MacFilePicker.swift */; };
		C0A3DF2E1C1A7D06EC0EB6CC /* WorkoutPickerSheet.swift in Sources */ = {isa = PBXBuildFile; fileRef = 901825E1313282F9A698669C /* WorkoutPickerSheet.swift */; };
		C0E4AB415E71B8C541477980 /* DatabaseStore.swift in Sources */ = {isa = PBXBuildFile; fileRef = 15AA01746BBCB2AC35816B2D /* DatabaseStore.swift */; };
		C0F8874E24C547F42DACA009 /* ImportSheetView.swift in Sources */ = {isa = PBXBuildFile; fileRef = 0277E8EAC54A87487B40EC00 /* ImportSheetView.swift */; };
		C1A65DCE0C13F3C3294FD511 /* Assets.xcassets in Resources */ = {isa = PBXBuildFile; fileRef = 4CF0096279C5C397D6B69421 /* Assets.xcassets */; };
		C23D08EFE61D318AEC977B24 /* MusicLibraryStore.swift in Sources */ = {isa = PBXBuildFile; fileRef = EC7F0EFE2A38785AFA71B55A /* MusicLibraryStore.swift */; };
		C2B75BC306BA255C920F453D /* ImportSheetView.swift in Sources */ = {isa = PBXBuildFile; fileRef = 0277E8EAC54A87487B40EC00 /* ImportSheetView.swift */; };
		C335456F7D0ADC15B973B7B8 /* DatabaseSectionPickerView.swift in Sources */ = {isa = PBXBuildFile; fileRef = 21658C2964F1C26C78786FC3 /* DatabaseSectionPickerView.swift */; };
		C40C12C08BB9ED640B0E3180 /* TrayCardView.swift in Sources */ = {isa = PBXBuildFile; fileRef = 47FC162E9FB73397A81F0F44 /* TrayCardView.swift */; };
		C41EE83CD7FE2D8173CD2935 /* VideoEditorView.swift in Sources */ = {isa = PBXBuildFile; fileRef = 84C07B8E3BBB5EBD2D7DCAA3 /* VideoEditorView.swift */; };
		C43D10FDE5B09428BB1E9A33 /* MusicProviderAdapters.swift in Sources */ = {isa = PBXBuildFile; fileRef = 18C92EF761CE54686C4177F7 /* MusicProviderAdapters.swift */; };
		C471F3D37C9C871EAAC793F6 /* MacVideoDraft.swift in Sources */ = {isa = PBXBuildFile; fileRef = 93C91983F7949FD5F87F9C1B /* MacVideoDraft.swift */; };
		C5A780D6F56613ABECE8AC4F /* PageCreationSheet.swift in Sources */ = {isa = PBXBuildFile; fileRef = C7A3A1CAF77CA030B8E930D9 /* PageCreationSheet.swift */; };
		C60778CBF61696E62E033E5A /* MediaPreviewSheet.swift in Sources */ = {isa = PBXBuildFile; fileRef = 2F435C38E0A49A5A662AEB9F /* MediaPreviewSheet.swift */; };
		C70C335647F399430B311108 /* MacCommands.swift in Sources */ = {isa = PBXBuildFile; fileRef = 03DCFAED7489A746DEF2AFCA /* MacCommands.swift */; };
		C86E9068EFDC9ACF3D897A0E /* PlannedRoute.swift in Sources */ = {isa = PBXBuildFile; fileRef = E8B651EB5E182B829EAB5F72 /* PlannedRoute.swift */; };
		C8F6639DE95AB713C35850EF /* SlotNavigationContainer.swift in Sources */ = {isa = PBXBuildFile; fileRef = 754B28C30A321F0E407FC8FA /* SlotNavigationContainer.swift */; };
		CA97DEF5C771E2935280AD67 /* AsyncCoverImage.swift in Sources */ = {isa = PBXBuildFile; fileRef = 31AF35A8C9D810F6A66D610F /* AsyncCoverImage.swift */; };
		CB4A98461337E7955D8EAC6B /* AIStore.swift in Sources */ = {isa = PBXBuildFile; fileRef = 08AAEB576B7DB134E5212C54 /* AIStore.swift */; };
		CD3549ECE4347BD8DDF0A91C /* SectionEditorView.swift in Sources */ = {isa = PBXBuildFile; fileRef = 50C588F8747756505B157DFC /* SectionEditorView.swift */; };
		CDE9BF594977D371446C3290 /* WorkoutStore.swift in Sources */ = {isa = PBXBuildFile; fileRef = 604FCB76AD2F1E4AAD560805 /* WorkoutStore.swift */; };
		CE924ED8CDB77294CB22733B /* VideoTrimService.swift in Sources */ = {isa = PBXBuildFile; fileRef = D84B5A5EA777C4BE497FC8C1 /* VideoTrimService.swift */; };
		D050E4BC684E33F38C4AF4DD /* ServerSettingsView.swift in Sources */ = {isa = PBXBuildFile; fileRef = 3ED4B2AA73E974BE8B8FBA55 /* ServerSettingsView.swift */; };
		D05E2B758BFBB6DF6164F8CC /* BackupManager.swift in Sources */ = {isa = PBXBuildFile; fileRef = 5E287CB0142E9444C0E8CE06 /* BackupManager.swift */; };
		D0DC9A8974EDD9C798F0B1AF /* OutdoorActivitySummaryView.swift in Sources */ = {isa = PBXBuildFile; fileRef = ACA3857BCB7178CD29909ABA /* OutdoorActivitySummaryView.swift */; };
		D194420B9CBCA3A07886EF84 /* SlotNavigationBar.swift in Sources */ = {isa = PBXBuildFile; fileRef = 670BE94C2C96B125EDEF40DF /* SlotNavigationBar.swift */; };
		D1E0A29BD844E89585013B3A /* MacCommands.swift in Sources */ = {isa = PBXBuildFile; fileRef = 03DCFAED7489A746DEF2AFCA /* MacCommands.swift */; };
		D205311183C797669AC83F2E /* AnalyticsView.swift in Sources */ = {isa = PBXBuildFile; fileRef = 001DA950EC696EBC1C782DF5 /* AnalyticsView.swift */; };
		D4CBAC4E57A8F1ED8E4CF735 /* WorkoutTypesSettingsView.swift in Sources */ = {isa = PBXBuildFile; fileRef = 17CA3D35330EB704FCDFB8B2 /* WorkoutTypesSettingsView.swift */; };
		D61E3F27C1ECB2FA9C512CA8 /* FloatingControlsBar.swift in Sources */ = {isa = PBXBuildFile; fileRef = 6E38BC78673EC52C30C37CFB /* FloatingControlsBar.swift */; };
		D6A4019B6EB90828AA3511CE /* SlotNavigationBar.swift in Sources */ = {isa = PBXBuildFile; fileRef = 670BE94C2C96B125EDEF40DF /* SlotNavigationBar.swift */; };
		D823D70070F3F455442A82BC /* VideoDownloadService.swift in Sources */ = {isa = PBXBuildFile; fileRef = D264DD465BC99BACA5CD3668 /* VideoDownloadService.swift */; };
		D876BBF5D66A951F5E3066F4 /* ProfileView.swift in Sources */ = {isa = PBXBuildFile; fileRef = F7D941281F25CED3B19B4557 /* ProfileView.swift */; };
		DDF89578EABAC73ED7DCFA9C /* BackupView.swift in Sources */ = {isa = PBXBuildFile; fileRef = 5560E604DE15405F64FB3B6B /* BackupView.swift */; };
		DDF988DA3D5FC60ED0A4E250 /* OutdoorActivityStore.swift in Sources */ = {isa = PBXBuildFile; fileRef = 01618C53E4137D7AC1CB4DCF /* OutdoorActivityStore.swift */; };
		DEAE02C66BE0E138250A105A /* VideoDownloadService.swift in Sources */ = {isa = PBXBuildFile; fileRef = D264DD465BC99BACA5CD3668 /* VideoDownloadService.swift */; };
		DF365B3329D18015F0D078D8 /* AudioManager.swift in Sources */ = {isa = PBXBuildFile; fileRef = B26870953ABC5C4610D424C6 /* AudioManager.swift */; };
		E4243D9BD9F55DC011375CE8 /* AISettingsView.swift in Sources */ = {isa = PBXBuildFile; fileRef = 0008579785FB963981CED211 /* AISettingsView.swift */; };
		E43BC31D1ACC34BC8B287DBD /* ExerciseDatabase.swift in Sources */ = {isa = PBXBuildFile; fileRef = 0A7328C89B0529370A856E55 /* ExerciseDatabase.swift */; };
		E623E0AC865B7423CA80DD09 /* MacVideoImportSheet.swift in Sources */ = {isa = PBXBuildFile; fileRef = 87B516D04CC0A21078FB5193 /* MacVideoImportSheet.swift */; };
		E73352D93E3783385F9CD7EE /* ExercisePageOverlay.swift in Sources */ = {isa = PBXBuildFile; fileRef = 7F7BFAD21B9B1C17B9DE368D /* ExercisePageOverlay.swift */; };
		E813EC740EF6CDB8788BA959 /* SwiftMP3 in Frameworks */ = {isa = PBXBuildFile; productRef = 318EF0BBBA22FEF901B5BD35 /* SwiftMP3 */; };
		EA493E92D3B5470AF58DABDB /* WorkoutHistory.swift in Sources */ = {isa = PBXBuildFile; fileRef = 42FDBEB5643249D2AE210599 /* WorkoutHistory.swift */; };
		EBE639AA663B35B414DACED6 /* PageTreeBuilder.swift in Sources */ = {isa = PBXBuildFile; fileRef = BF2175E25BF275E3B9D91DDA /* PageTreeBuilder.swift */; };
		EC5386B83DE92454605914BD /* ToolRouter.swift in Sources */ = {isa = PBXBuildFile; fileRef = 2E89B236DA27477DE058ABD6 /* ToolRouter.swift */; };
		ECBD34FE7A571F71D33AF9AC /* SettingsView.swift in Sources */ = {isa = PBXBuildFile; fileRef = FF7C3D82BCDAF71304D5E180 /* SettingsView.swift */; };
		ECE7205F6CD799125CF0242A /* DatabaseView.swift in Sources */ = {isa = PBXBuildFile; fileRef = FDC6F1BB5C2EAC1AC1DC0421 /* DatabaseView.swift */; };
		ED8FA1DEC41EBE1DBE23A2DE /* MusicLibraryStore.swift in Sources */ = {isa = PBXBuildFile; fileRef = EC7F0EFE2A38785AFA71B55A /* MusicLibraryStore.swift */; };
		F060D024E3A24D475C7B6CD4 /* DurationPickerView.swift in Sources */ = {isa = PBXBuildFile; fileRef = 044840F8C2EAA06CD43381D5 /* DurationPickerView.swift */; };
		F34EA105281073DAA9565762 /* MusicPlayerPane.swift in Sources */ = {isa = PBXBuildFile; fileRef = E7B131AC7DD63D608E6C3CB3 /* MusicPlayerPane.swift */; };
		F50E9255146C52CF69E82427 /* TrayItem.swift in Sources */ = {isa = PBXBuildFile; fileRef = F2D865D276E5E4E8F8A3F260 /* TrayItem.swift */; };
		F545A726C5187E6B3F704EE9 /* MacVideoPlayerView.swift in Sources */ = {isa = PBXBuildFile; fileRef = 22FAA1EDC1D9F05C4B0B3716 /* MacVideoPlayerView.swift */; };
		F603AE4A1CCA210169FB679A /* ExercisePage.swift in Sources */ = {isa = PBXBuildFile; fileRef = 1521D9DCA4A8F38702E195D6 /* ExercisePage.swift */; };
		F6838F3448F9386FB0F33390 /* BatchConfirmView.swift in Sources */ = {isa = PBXBuildFile; fileRef = 52BE02D9ACB3E4B5AE58FFCF /* BatchConfirmView.swift */; };
		F8D8047E415F5842E87BF5FD /* PageLinkPreview.swift in Sources */ = {isa = PBXBuildFile; fileRef = AE37AEFDB6AEF4406879D5A3 /* PageLinkPreview.swift */; };
		F935766F4C0248DC6754248D /* KeychainHelper.swift in Sources */ = {isa = PBXBuildFile; fileRef = 5D582991CAE01E1427BA7D5B /* KeychainHelper.swift */; };
		F982C089FE894F470B34954C /* MacVideoDownloadService.swift in Sources */ = {isa = PBXBuildFile; fileRef = 50B459F5FDFDB2FBCA5E4EB4 /* MacVideoDownloadService.swift */; };
		FD452ABA07833934841CC4E0 /* AISettingsView.swift in Sources */ = {isa = PBXBuildFile; fileRef = 0008579785FB963981CED211 /* AISettingsView.swift */; };
		FE7FC7E6D762841DA8BBCB52 /* MotivationManager.swift in Sources */ = {isa = PBXBuildFile; fileRef = 108D87DB2422C2B7434532CE /* MotivationManager.swift */; };
/* End PBXBuildFile section */

/* Begin PBXFileReference section */
		0008579785FB963981CED211 /* AISettingsView.swift */ = {isa = PBXFileReference; lastKnownFileType = sourcecode.swift; path = AISettingsView.swift; sourceTree = "<group>"; };
		001DA950EC696EBC1C782DF5 /* AnalyticsView.swift */ = {isa = PBXFileReference; lastKnownFileType = sourcecode.swift; path = AnalyticsView.swift; sourceTree = "<group>"; };
		01618C53E4137D7AC1CB4DCF /* OutdoorActivityStore.swift */ = {isa = PBXFileReference; lastKnownFileType = sourcecode.swift; path = OutdoorActivityStore.swift; sourceTree = "<group>"; };
		0277E8EAC54A87487B40EC00 /* ImportSheetView.swift */ = {isa = PBXFileReference; lastKnownFileType = sourcecode.swift; path = ImportSheetView.swift; sourceTree = "<group>"; };
		03DCFAED7489A746DEF2AFCA /* MacCommands.swift */ = {isa = PBXFileReference; lastKnownFileType = sourcecode.swift; path = MacCommands.swift; sourceTree = "<group>"; };
		044840F8C2EAA06CD43381D5 /* DurationPickerView.swift */ = {isa = PBXFileReference; lastKnownFileType = sourcecode.swift; path = DurationPickerView.swift; sourceTree = "<group>"; };
		08AAEB576B7DB134E5212C54 /* AIStore.swift */ = {isa = PBXFileReference; lastKnownFileType = sourcecode.swift; path = AIStore.swift; sourceTree = "<group>"; };
		0A7328C89B0529370A856E55 /* ExerciseDatabase.swift */ = {isa = PBXFileReference; lastKnownFileType = sourcecode.swift; path = ExerciseDatabase.swift; sourceTree = "<group>"; };
		0CFE4033315C9DD766463155 /* MusicLibraryScreen.swift */ = {isa = PBXFileReference; lastKnownFileType = sourcecode.swift; path = MusicLibraryScreen.swift; sourceTree = "<group>"; };
		108D87DB2422C2B7434532CE /* MotivationManager.swift */ = {isa = PBXFileReference; lastKnownFileType = sourcecode.swift; path = MotivationManager.swift; sourceTree = "<group>"; };
		147E3BD8DE078C3FE350F602 /* PageCardView.swift */ = {isa = PBXFileReference; lastKnownFileType = sourcecode.swift; path = PageCardView.swift; sourceTree = "<group>"; };
		1521D9DCA4A8F38702E195D6 /* ExercisePage.swift */ = {isa = PBXFileReference; lastKnownFileType = sourcecode.swift; path = ExercisePage.swift; sourceTree = "<group>"; };
		15AA01746BBCB2AC35816B2D /* DatabaseStore.swift */ = {isa = PBXFileReference; lastKnownFileType = sourcecode.swift; path = DatabaseStore.swift; sourceTree = "<group>"; };
		178795E8B020694776EBD065 /* MacVideoSavePopover.swift */ = {isa = PBXFileReference; lastKnownFileType = sourcecode.swift; path = MacVideoSavePopover.swift; sourceTree = "<group>"; };
		17CA3D35330EB704FCDFB8B2 /* WorkoutTypesSettingsView.swift */ = {isa = PBXFileReference; lastKnownFileType = sourcecode.swift; path = WorkoutTypesSettingsView.swift; sourceTree = "<group>"; };
		18C92EF761CE54686C4177F7 /* MusicProviderAdapters.swift */ = {isa = PBXFileReference; lastKnownFileType = sourcecode.swift; path = MusicProviderAdapters.swift; sourceTree = "<group>"; };
		1A30541E8A14548A023A7CCF /* AIProvider.swift */ = {isa = PBXFileReference; lastKnownFileType = sourcecode.swift; path = AIProvider.swift; sourceTree = "<group>"; };
		1AF102743F20E4127F1E5EF6 /* OutdoorActivity.swift */ = {isa = PBXFileReference; lastKnownFileType = sourcecode.swift; path = OutdoorActivity.swift; sourceTree = "<group>"; };
		21658C2964F1C26C78786FC3 /* DatabaseSectionPickerView.swift */ = {isa = PBXFileReference; lastKnownFileType = sourcecode.swift; path = DatabaseSectionPickerView.swift; sourceTree = "<group>"; };
		2174535363CFC988D190B790 /* VideoEmbedCard.swift */ = {isa = PBXFileReference; lastKnownFileType = sourcecode.swift; path = VideoEmbedCard.swift; sourceTree = "<group>"; };
		22FAA1EDC1D9F05C4B0B3716 /* MacVideoPlayerView.swift */ = {isa = PBXFileReference; lastKnownFileType = sourcecode.swift; path = MacVideoPlayerView.swift; sourceTree = "<group>"; };
		23EE3E0BC826FCFD182367D3 /* MacVideoEditorModel.swift */ = {isa = PBXFileReference; lastKnownFileType = sourcecode.swift; path = MacVideoEditorModel.swift; sourceTree = "<group>"; };
		262C63F71236516065104666 /* MotivationSettingsView.swift */ = {isa = PBXFileReference; lastKnownFileType = sourcecode.swift; path = MotivationSettingsView.swift; sourceTree = "<group>"; };
		282193241415BB7A32B3786C /* Workout.swift */ = {isa = PBXFileReference; lastKnownFileType = sourcecode.swift; path = Workout.swift; sourceTree = "<group>"; };
		2B8D0B299BE9EADEB23A74D6 /* PrivateLiquidGlass.swift */ = {isa = PBXFileReference; lastKnownFileType = sourcecode.swift; path = PrivateLiquidGlass.swift; sourceTree = "<group>"; };
		2E89B236DA27477DE058ABD6 /* ToolRouter.swift */ = {isa = PBXFileReference; lastKnownFileType = sourcecode.swift; path = ToolRouter.swift; sourceTree = "<group>"; };
		2F435C38E0A49A5A662AEB9F /* MediaPreviewSheet.swift */ = {isa = PBXFileReference; lastKnownFileType = sourcecode.swift; path = MediaPreviewSheet.swift; sourceTree = "<group>"; };
		31AF35A8C9D810F6A66D610F /* AsyncCoverImage.swift */ = {isa = PBXFileReference; lastKnownFileType = sourcecode.swift; path = AsyncCoverImage.swift; sourceTree = "<group>"; };
		3896E1DB54CF274AE19918D9 /* MacVideoSource.swift */ = {isa = PBXFileReference; lastKnownFileType = sourcecode.swift; path = MacVideoSource.swift; sourceTree = "<group>"; };
		3C6AF2DDD32ED947B58D02B0 /* Info.plist */ = {isa = PBXFileReference; lastKnownFileType = text.plist; path = Info.plist; sourceTree = "<group>"; };
		3ED4B2AA73E974BE8B8FBA55 /* ServerSettingsView.swift */ = {isa = PBXFileReference; lastKnownFileType = sourcecode.swift; path = ServerSettingsView.swift; sourceTree = "<group>"; };
		42FDBEB5643249D2AE210599 /* WorkoutHistory.swift */ = {isa = PBXFileReference; lastKnownFileType = sourcecode.swift; path = WorkoutHistory.swift; sourceTree = "<group>"; };
		47FC162E9FB73397A81F0F44 /* TrayCardView.swift */ = {isa = PBXFileReference; lastKnownFileType = sourcecode.swift; path = TrayCardView.swift; sourceTree = "<group>"; };
		4C6FF36A9DF857B888B29855 /* TimeMaster.entitlements */ = {isa = PBXFileReference; lastKnownFileType = text.plist.entitlements; path = TimeMaster.entitlements; sourceTree = "<group>"; };
		4CF0096279C5C397D6B69421 /* Assets.xcassets */ = {isa = PBXFileReference; lastKnownFileType = folder.assetcatalog; path = Assets.xcassets; sourceTree = "<group>"; };
		50B459F5FDFDB2FBCA5E4EB4 /* MacVideoDownloadService.swift */ = {isa = PBXFileReference; lastKnownFileType = sourcecode.swift; path = MacVideoDownloadService.swift; sourceTree = "<group>"; };
		50C588F8747756505B157DFC /* SectionEditorView.swift */ = {isa = PBXFileReference; lastKnownFileType = sourcecode.swift; path = SectionEditorView.swift; sourceTree = "<group>"; };
		51B1310C047ABD9B4B2694B1 /* OutdoorMapOfflineSettingsView.swift */ = {isa = PBXFileReference; lastKnownFileType = sourcecode.swift; path = OutdoorMapOfflineSettingsView.swift; sourceTree = "<group>"; };
		52BE02D9ACB3E4B5AE58FFCF /* BatchConfirmView.swift */ = {isa = PBXFileReference; lastKnownFileType = sourcecode.swift; path = BatchConfirmView.swift; sourceTree = "<group>"; };
		544CDDB388219EA439FC403E /* MusicSettingsView.swift */ = {isa = PBXFileReference; lastKnownFileType = sourcecode.swift; path = MusicSettingsView.swift; sourceTree = "<group>"; };
		552876E98DFAA9DD232A21D3 /* TimeMasterApp.swift */ = {isa = PBXFileReference; lastKnownFileType = sourcecode.swift; path = TimeMasterApp.swift; sourceTree = "<group>"; };
		5560E604DE15405F64FB3B6B /* BackupView.swift */ = {isa = PBXFileReference; lastKnownFileType = sourcecode.swift; path = BackupView.swift; sourceTree = "<group>"; };
		5D582991CAE01E1427BA7D5B /* KeychainHelper.swift */ = {isa = PBXFileReference; lastKnownFileType = sourcecode.swift; path = KeychainHelper.swift; sourceTree = "<group>"; };
		5E287CB0142E9444C0E8CE06 /* BackupManager.swift */ = {isa = PBXFileReference; lastKnownFileType = sourcecode.swift; path = BackupManager.swift; sourceTree = "<group>"; };
		5F9DFA16477EC88FEF1F13EF /* TimeMaster-macOS.app */ = {isa = PBXFileReference; explicitFileType = wrapper.application; includeInIndex = 0; path = "TimeMaster-macOS.app"; sourceTree = BUILT_PRODUCTS_DIR; };
		5FC65261AB128B4346DD0F22 /* DatabasePageBrowserSheet.swift */ = {isa = PBXFileReference; lastKnownFileType = sourcecode.swift; path = DatabasePageBrowserSheet.swift; sourceTree = "<group>"; };
		604FCB76AD2F1E4AAD560805 /* WorkoutStore.swift */ = {isa = PBXFileReference; lastKnownFileType = sourcecode.swift; path = WorkoutStore.swift; sourceTree = "<group>"; };
		618A088E13FA1540299DFDE1 /* WorkoutCard.swift */ = {isa = PBXFileReference; lastKnownFileType = sourcecode.swift; path = WorkoutCard.swift; sourceTree = "<group>"; };
		670BE94C2C96B125EDEF40DF /* SlotNavigationBar.swift */ = {isa = PBXFileReference; lastKnownFileType = sourcecode.swift; path = SlotNavigationBar.swift; sourceTree = "<group>"; };
		69344764F8B3AC313FF4CBC5 /* TimeMaster.app */ = {isa = PBXFileReference; includeInIndex = 0; lastKnownFileType = wrapper.application; path = TimeMaster.app; sourceTree = BUILT_PRODUCTS_DIR; };
		6A6C47C92F10694708275E65 /* MacFilePicker.swift */ = {isa = PBXFileReference; lastKnownFileType = sourcecode.swift; path = MacFilePicker.swift; sourceTree = "<group>"; };
		6B37FDFA364543441E9C7F03 /* RoutePickerSheet.swift */ = {isa = PBXFileReference; lastKnownFileType = sourcecode.swift; path = RoutePickerSheet.swift; sourceTree = "<group>"; };
		6E38BC78673EC52C30C37CFB /* FloatingControlsBar.swift */ = {isa = PBXFileReference; lastKnownFileType = sourcecode.swift; path = FloatingControlsBar.swift; sourceTree = "<group>"; };
		754B28C30A321F0E407FC8FA /* SlotNavigationContainer.swift */ = {isa = PBXFileReference; lastKnownFileType = sourcecode.swift; path = SlotNavigationContainer.swift; sourceTree = "<group>"; };
		7F7BFAD21B9B1C17B9DE368D /* ExercisePageOverlay.swift */ = {isa = PBXFileReference; lastKnownFileType = sourcecode.swift; path = ExercisePageOverlay.swift; sourceTree = "<group>"; };
		811BB55E3BD88B54CD74BF4C /* HistoryView.swift */ = {isa = PBXFileReference; lastKnownFileType = sourcecode.swift; path = HistoryView.swift; sourceTree = "<group>"; };
		84C07B8E3BBB5EBD2D7DCAA3 /* VideoEditorView.swift */ = {isa = PBXFileReference; lastKnownFileType = sourcecode.swift; path = VideoEditorView.swift; sourceTree = "<group>"; };
		87B516D04CC0A21078FB5193 /* MacVideoImportSheet.swift */ = {isa = PBXFileReference; lastKnownFileType = sourcecode.swift; path = MacVideoImportSheet.swift; sourceTree = "<group>"; };
		8880F70DC5DDC88AD96D653B /* MusicGuideOverlay.swift */ = {isa = PBXFileReference; lastKnownFileType = sourcecode.swift; path = MusicGuideOverlay.swift; sourceTree = "<group>"; };
		8E05E0D00A32813995076AC9 /* MusicGlassControls.swift */ = {isa = PBXFileReference; lastKnownFileType = sourcecode.swift; path = MusicGlassControls.swift; sourceTree = "<group>"; };
		901825E1313282F9A698669C /* WorkoutPickerSheet.swift */ = {isa = PBXFileReference; lastKnownFileType = sourcecode.swift; path = WorkoutPickerSheet.swift; sourceTree = "<group>"; };
		9307001A6FC7FD76022967AE /* SlotNavigationArc.swift */ = {isa = PBXFileReference; lastKnownFileType = sourcecode.swift; path = SlotNavigationArc.swift; sourceTree = "<group>"; };
		93C91983F7949FD5F87F9C1B /* MacVideoDraft.swift */ = {isa = PBXFileReference; lastKnownFileType = sourcecode.swift; path = MacVideoDraft.swift; sourceTree = "<group>"; };
		974234249F4F5FE01C287372 /* ServerDiscovery.swift */ = {isa = PBXFileReference; lastKnownFileType = sourcecode.swift; path = ServerDiscovery.swift; sourceTree = "<group>"; };
		97F588DC9A67F4FD4B9F4232 /* OutdoorRouteSnapper.swift */ = {isa = PBXFileReference; lastKnownFileType = sourcecode.swift; path = OutdoorRouteSnapper.swift; sourceTree = "<group>"; };
		9991CAB36F9339458080C09D /* Info-macOS.plist */ = {isa = PBXFileReference; lastKnownFileType = text.plist; path = "Info-macOS.plist"; sourceTree = "<group>"; };
		9ADAD9B141C4818314EE1253 /* WorkoutPlayerView.swift */ = {isa = PBXFileReference; lastKnownFileType = sourcecode.swift; path = WorkoutPlayerView.swift; sourceTree = "<group>"; };
		9B6957E395CCFFEE6C589650 /* WorkoutResumeManager.swift */ = {isa = PBXFileReference; lastKnownFileType = sourcecode.swift; path = WorkoutResumeManager.swift; sourceTree = "<group>"; };
		9BC332F0025272F928B063C5 /* MacVideoEditorView.swift */ = {isa = PBXFileReference; lastKnownFileType = sourcecode.swift; path = MacVideoEditorView.swift; sourceTree = "<group>"; };
		A1828544134A1982F2E9500F /* MacVideoDatabaseImporter.swift */ = {isa = PBXFileReference; lastKnownFileType = sourcecode.swift; path = MacVideoDatabaseImporter.swift; sourceTree = "<group>"; };
		A1982E564F4214D2342CB79D /* HomeDashboardView.swift */ = {isa = PBXFileReference; lastKnownFileType = sourcecode.swift; path = HomeDashboardView.swift; sourceTree = "<group>"; };
		A1CCEB17200A24DBE2751D49 /* TimeMaster-macOS.entitlements */ = {isa = PBXFileReference; lastKnownFileType = text.plist.entitlements; path = "TimeMaster-macOS.entitlements"; sourceTree = "<group>"; };
		A694D8D9DD60CCD872FB8C2D /* MusicLibraryModels.swift */ = {isa = PBXFileReference; lastKnownFileType = sourcecode.swift; path = MusicLibraryModels.swift; sourceTree = "<group>"; };
		A9F596DD500BCC620B6E3318 /* MusicManager.swift */ = {isa = PBXFileReference; lastKnownFileType = sourcecode.swift; path = MusicManager.swift; sourceTree = "<group>"; };
		AADDE983BD98A183CACB5A0A /* NotificationManager.swift */ = {isa = PBXFileReference; lastKnownFileType = sourcecode.swift; path = NotificationManager.swift; sourceTree = "<group>"; };
		ACA3857BCB7178CD29909ABA /* OutdoorActivitySummaryView.swift */ = {isa = PBXFileReference; lastKnownFileType = sourcecode.swift; path = OutdoorActivitySummaryView.swift; sourceTree = "<group>"; };
		AE37AEFDB6AEF4406879D5A3 /* PageLinkPreview.swift */ = {isa = PBXFileReference; lastKnownFileType = sourcecode.swift; path = PageLinkPreview.swift; sourceTree = "<group>"; };
		B26870953ABC5C4610D424C6 /* AudioManager.swift */ = {isa = PBXFileReference; lastKnownFileType = sourcecode.swift; path = AudioManager.swift; sourceTree = "<group>"; };
		B332BC1DDB6BB0093965A456 /* OutdoorMetricsCalculator.swift */ = {isa = PBXFileReference; lastKnownFileType = sourcecode.swift; path = OutdoorMetricsCalculator.swift; sourceTree = "<group>"; };
		B58013D8E786ACE5E076ADF7 /* OutdoorMapOfflineManager.swift */ = {isa = PBXFileReference; lastKnownFileType = sourcecode.swift; path = OutdoorMapOfflineManager.swift; sourceTree = "<group>"; };
		B7EEE9EC6D1BCA35970E2AA0 /* SectionRow.swift */ = {isa = PBXFileReference; lastKnownFileType = sourcecode.swift; path = SectionRow.swift; sourceTree = "<group>"; };
		BA214153A177B646B5716F8F /* ExercisePageDetailView.swift */ = {isa = PBXFileReference; lastKnownFileType = sourcecode.swift; path = ExercisePageDetailView.swift; sourceTree = "<group>"; };
		BF2175E25BF275E3B9D91DDA /* PageTreeBuilder.swift */ = {isa = PBXFileReference; lastKnownFileType = sourcecode.swift; path = PageTreeBuilder.swift; sourceTree = "<group>"; };
		BF3BA19ED70686C66D9D7AD6 /* SlotNavigationItem.swift */ = {isa = PBXFileReference; lastKnownFileType = sourcecode.swift; path = SlotNavigationItem.swift; sourceTree = "<group>"; };
		C292D5EBD8FE623151401D3B /* ExerciseAISettingsView.swift */ = {isa = PBXFileReference; lastKnownFileType = sourcecode.swift; path = ExerciseAISettingsView.swift; sourceTree = "<group>"; };
		C2A7A902D00787142161E1D0 /* WorkoutRemindersView.swift */ = {isa = PBXFileReference; lastKnownFileType = sourcecode.swift; path = WorkoutRemindersView.swift; sourceTree = "<group>"; };
		C2FF5FDE2B0B8061303B3861 /* TimeMasterCore */ = {isa = PBXFileReference; lastKnownFileType = folder; name = TimeMasterCore; path = TimeMasterCore; sourceTree = SOURCE_ROOT; };
		C393FECEE55B31227B53D286 /* MacVideoTimelineSegment.swift */ = {isa = PBXFileReference; lastKnownFileType = sourcecode.swift; path = MacVideoTimelineSegment.swift; sourceTree = "<group>"; };
		C5BC831437460203726A338E /* OutdoorMapLibreView.swift */ = {isa = PBXFileReference; lastKnownFileType = sourcecode.swift; path = OutdoorMapLibreView.swift; sourceTree = "<group>"; };
		C66B50B0364426A1FB53608A /* PhotoManager.swift */ = {isa = PBXFileReference; lastKnownFileType = sourcecode.swift; path = PhotoManager.swift; sourceTree = "<group>"; };
		C7A3A1CAF77CA030B8E930D9 /* PageCreationSheet.swift */ = {isa = PBXFileReference; lastKnownFileType = sourcecode.swift; path = PageCreationSheet.swift; sourceTree = "<group>"; };
		CC2B31A2CB068DFC3D3CF6C9 /* AICoachView.swift */ = {isa = PBXFileReference; lastKnownFileType = sourcecode.swift; path = AICoachView.swift; sourceTree = "<group>"; };
		CC8D7A548AC7A53A5EB150FA /* OutdoorLocationRecorder.swift */ = {isa = PBXFileReference; lastKnownFileType = sourcecode.swift; path = OutdoorLocationRecorder.swift; sourceTree = "<group>"; };
		CC960EC12B1CFF9CD3AA7AC1 /* WorkoutDetailView.swift */ = {isa = PBXFileReference; lastKnownFileType = sourcecode.swift; path = WorkoutDetailView.swift; sourceTree = "<group>"; };
		D07B310C529307C7D12F2CD2 /* OutdoorRecorderView.swift */ = {isa = PBXFileReference; lastKnownFileType = sourcecode.swift; path = OutdoorRecorderView.swift; sourceTree = "<group>"; };
		D163AA4744C0E86692930FB6 /* PageMediaGallery.swift */ = {isa = PBXFileReference; lastKnownFileType = sourcecode.swift; path = PageMediaGallery.swift; sourceTree = "<group>"; };
		D264DD465BC99BACA5CD3668 /* VideoDownloadService.swift */ = {isa = PBXFileReference; lastKnownFileType = sourcecode.swift; path = VideoDownloadService.swift; sourceTree = "<group>"; };
		D84B5A5EA777C4BE497FC8C1 /* VideoTrimService.swift */ = {isa = PBXFileReference; lastKnownFileType = sourcecode.swift; path = VideoTrimService.swift; sourceTree = "<group>"; };
		DBE151E4B99B53638232D2DB /* WorkoutSectionBuilder.swift */ = {isa = PBXFileReference; lastKnownFileType = sourcecode.swift; path = WorkoutSectionBuilder.swift; sourceTree = "<group>"; };
		DD51B28A67F20C1A78F03397 /* VideoEditorViewModel.swift */ = {isa = PBXFileReference; lastKnownFileType = sourcecode.swift; path = VideoEditorViewModel.swift; sourceTree = "<group>"; };
		E3323F148BE5A75196E090AC /* MainTabView.swift */ = {isa = PBXFileReference; lastKnownFileType = sourcecode.swift; path = MainTabView.swift; sourceTree = "<group>"; };
		E6ED4DE0D6AB70A5C0092224 /* OutdoorExportService.swift */ = {isa = PBXFileReference; lastKnownFileType = sourcecode.swift; path = OutdoorExportService.swift; sourceTree = "<group>"; };
		E7B131AC7DD63D608E6C3CB3 /* MusicPlayerPane.swift */ = {isa = PBXFileReference; lastKnownFileType = sourcecode.swift; path = MusicPlayerPane.swift; sourceTree = "<group>"; };
		E8B651EB5E182B829EAB5F72 /* PlannedRoute.swift */ = {isa = PBXFileReference; lastKnownFileType = sourcecode.swift; path = PlannedRoute.swift; sourceTree = "<group>"; };
		EC7F0EFE2A38785AFA71B55A /* MusicLibraryStore.swift */ = {isa = PBXFileReference; lastKnownFileType = sourcecode.swift; path = MusicLibraryStore.swift; sourceTree = "<group>"; };
		F2D865D276E5E4E8F8A3F260 /* TrayItem.swift */ = {isa = PBXFileReference; lastKnownFileType = sourcecode.swift; path = TrayItem.swift; sourceTree = "<group>"; };
		F5F451370DBD282BA9ED115D /* ExerciseNamingService.swift */ = {isa = PBXFileReference; lastKnownFileType = sourcecode.swift; path = ExerciseNamingService.swift; sourceTree = "<group>"; };
		F7D941281F25CED3B19B4557 /* ProfileView.swift */ = {isa = PBXFileReference; lastKnownFileType = sourcecode.swift; path = ProfileView.swift; sourceTree = "<group>"; };
		F807BCDB518D68ED40746740 /* Theme.swift */ = {isa = PBXFileReference; lastKnownFileType = sourcecode.swift; path = Theme.swift; sourceTree = "<group>"; };
		F93961D2BE0D286A7A9268E7 /* WorkoutListView.swift */ = {isa = PBXFileReference; lastKnownFileType = sourcecode.swift; path = WorkoutListView.swift; sourceTree = "<group>"; };
		FDC6F1BB5C2EAC1AC1DC0421 /* DatabaseView.swift */ = {isa = PBXFileReference; lastKnownFileType = sourcecode.swift; path = DatabaseView.swift; sourceTree = "<group>"; };
		FF7C3D82BCDAF71304D5E180 /* SettingsView.swift */ = {isa = PBXFileReference; lastKnownFileType = sourcecode.swift; path = SettingsView.swift; sourceTree = "<group>"; };
/* End PBXFileReference section */

/* Begin PBXFrameworksBuildPhase section */
		DFFDAF7BDE8E107FB4EA1928 /* Frameworks */ = {
			isa = PBXFrameworksBuildPhase;
			buildActionMask = 2147483647;
			files = (
				81FB475AFB479F71C7428AB0 /* ZIPFoundation in Frameworks */,
				E813EC740EF6CDB8788BA959 /* SwiftMP3 in Frameworks */,
				86B5AEF3ACE4323FE1957C86 /* TimeMasterCore in Frameworks */,
			);
			runOnlyForDeploymentPostprocessing = 0;
		};
		EA98384D619F1909881D5453 /* Frameworks */ = {
			isa = PBXFrameworksBuildPhase;
			buildActionMask = 2147483647;
			files = (
				36662D83C3CB3D8D357DEB4C /* ZIPFoundation in Frameworks */,
				7B53FEBE75247574E2D513E2 /* SwiftMP3 in Frameworks */,
				AAD684B85FF8425C89AC4A5E /* MapLibre in Frameworks */,
				02CF516ECBF0AD6AF038DEF8 /* LiquidGlassKit in Frameworks */,
				BAFFF55FD1388086FEC622F9 /* TimeMasterCore in Frameworks */,
			);
			runOnlyForDeploymentPostprocessing = 0;
		};
/* End PBXFrameworksBuildPhase section */

/* Begin PBXGroup section */
		0AADCDEE80DB4AE302D1DFD4 /* Import */ = {
			isa = PBXGroup;
			children = (
				52BE02D9ACB3E4B5AE58FFCF /* BatchConfirmView.swift */,
				0277E8EAC54A87487B40EC00 /* ImportSheetView.swift */,
				93C91983F7949FD5F87F9C1B /* MacVideoDraft.swift */,
				9BC332F0025272F928B063C5 /* MacVideoEditorView.swift */,
				87B516D04CC0A21078FB5193 /* MacVideoImportSheet.swift */,
				22FAA1EDC1D9F05C4B0B3716 /* MacVideoPlayerView.swift */,
				178795E8B020694776EBD065 /* MacVideoSavePopover.swift */,
				3896E1DB54CF274AE19918D9 /* MacVideoSource.swift */,
				C393FECEE55B31227B53D286 /* MacVideoTimelineSegment.swift */,
				3ED4B2AA73E974BE8B8FBA55 /* ServerSettingsView.swift */,
				47FC162E9FB73397A81F0F44 /* TrayCardView.swift */,
				84C07B8E3BBB5EBD2D7DCAA3 /* VideoEditorView.swift */,
			);
			path = Import;
			sourceTree = "<group>";
		};
		1525EBA6A18D8FE0D3FA6E4D /* Profile */ = {
			isa = PBXGroup;
			children = (
				F7D941281F25CED3B19B4557 /* ProfileView.swift */,
			);
			path = Profile;
			sourceTree = "<group>";
		};
		166C83954B009511221835CD /* Outdoor */ = {
			isa = PBXGroup;
			children = (
				ACA3857BCB7178CD29909ABA /* OutdoorActivitySummaryView.swift */,
				C5BC831437460203726A338E /* OutdoorMapLibreView.swift */,
				D07B310C529307C7D12F2CD2 /* OutdoorRecorderView.swift */,
				6B37FDFA364543441E9C7F03 /* RoutePickerSheet.swift */,
			);
			path = Outdoor;
			sourceTree = "<group>";
		};
		1FF12E5694591672653BC22B /* Models */ = {
			isa = PBXGroup;
			children = (
				0A7328C89B0529370A856E55 /* ExerciseDatabase.swift */,
				1521D9DCA4A8F38702E195D6 /* ExercisePage.swift */,
				A694D8D9DD60CCD872FB8C2D /* MusicLibraryModels.swift */,
				1AF102743F20E4127F1E5EF6 /* OutdoorActivity.swift */,
				E8B651EB5E182B829EAB5F72 /* PlannedRoute.swift */,
				F2D865D276E5E4E8F8A3F260 /* TrayItem.swift */,
				282193241415BB7A32B3786C /* Workout.swift */,
				42FDBEB5643249D2AE210599 /* WorkoutHistory.swift */,
				DBE151E4B99B53638232D2DB /* WorkoutSectionBuilder.swift */,
			);
			path = Models;
			sourceTree = "<group>";
		};
		25940776DFB474B5E84C5344 /* AICoach */ = {
			isa = PBXGroup;
			children = (
				CC2B31A2CB068DFC3D3CF6C9 /* AICoachView.swift */,
				0008579785FB963981CED211 /* AISettingsView.swift */,
			);
			path = AICoach;
			sourceTree = "<group>";
		};
		26FA13129B845B5C3499F3CB /* Products */ = {
			isa = PBXGroup;
			children = (
				5F9DFA16477EC88FEF1F13EF /* TimeMaster-macOS.app */,
				69344764F8B3AC313FF4CBC5 /* TimeMaster.app */,
			);
			name = Products;
			sourceTree = "<group>";
		};
		292CD1F86597AFEEB040B9C0 /* History */ = {
			isa = PBXGroup;
			children = (
				811BB55E3BD88B54CD74BF4C /* HistoryView.swift */,
			);
			path = History;
			sourceTree = "<group>";
		};
		2B716F96FC83CC5B167F3C6E /* App */ = {
			isa = PBXGroup;
			children = (
				03DCFAED7489A746DEF2AFCA /* MacCommands.swift */,
				552876E98DFAA9DD232A21D3 /* TimeMasterApp.swift */,
			);
			path = App;
			sourceTree = "<group>";
		};
		2BDBBAF7F873D8DF1820C983 /* Resources */ = {
			isa = PBXGroup;
			children = (
				4CF0096279C5C397D6B69421 /* Assets.xcassets */,
			);
			path = Resources;
			sourceTree = "<group>";
		};
		35A54AE4B141791F78BE29C4 /* Utilities */ = {
			isa = PBXGroup;
			children = (
				B26870953ABC5C4610D424C6 /* AudioManager.swift */,
				5E287CB0142E9444C0E8CE06 /* BackupManager.swift */,
				F5F451370DBD282BA9ED115D /* ExerciseNamingService.swift */,
				5D582991CAE01E1427BA7D5B /* KeychainHelper.swift */,
				6A6C47C92F10694708275E65 /* MacFilePicker.swift */,
				108D87DB2422C2B7434532CE /* MotivationManager.swift */,
				A9F596DD500BCC620B6E3318 /* MusicManager.swift */,
				AADDE983BD98A183CACB5A0A /* NotificationManager.swift */,
				C66B50B0364426A1FB53608A /* PhotoManager.swift */,
				2B8D0B299BE9EADEB23A74D6 /* PrivateLiquidGlass.swift */,
				F807BCDB518D68ED40746740 /* Theme.swift */,
			);
			path = Utilities;
			sourceTree = "<group>";
		};
		36739A7D9D5BF1203FCD3C10 /* Analytics */ = {
			isa = PBXGroup;
			children = (
				001DA950EC696EBC1C782DF5 /* AnalyticsView.swift */,
			);
			path = Analytics;
			sourceTree = "<group>";
		};
		43DF0E6BD7C41C81366F761F /* Views */ = {
			isa = PBXGroup;
			children = (
				31AF35A8C9D810F6A66D610F /* AsyncCoverImage.swift */,
				E3323F148BE5A75196E090AC /* MainTabView.swift */,
				25940776DFB474B5E84C5344 /* AICoach */,
				36739A7D9D5BF1203FCD3C10 /* Analytics */,
				D484AE590F5911664457F560 /* Database */,
				292CD1F86597AFEEB040B9C0 /* History */,
				E6BBF9B366487FCFAC1DC5B5 /* Home */,
				0AADCDEE80DB4AE302D1DFD4 /* Import */,
				EDDE53096491166E59037E3F /* Navigation */,
				166C83954B009511221835CD /* Outdoor */,
				7CB83DA7936F4F5337347E13 /* Player */,
				1525EBA6A18D8FE0D3FA6E4D /* Profile */,
				5FE4E674646659C60F0E0432 /* Settings */,
				6701375A98AD8D3D135B5394 /* WorkoutDetail */,
				4C8A4446813C950238345C32 /* WorkoutList */,
			);
			path = Views;
			sourceTree = "<group>";
		};
		4C8A4446813C950238345C32 /* WorkoutList */ = {
			isa = PBXGroup;
			children = (
				618A088E13FA1540299DFDE1 /* WorkoutCard.swift */,
				F93961D2BE0D286A7A9268E7 /* WorkoutListView.swift */,
			);
			path = WorkoutList;
			sourceTree = "<group>";
		};
		5FE4E674646659C60F0E0432 /* Settings */ = {
			isa = PBXGroup;
			children = (
				5560E604DE15405F64FB3B6B /* BackupView.swift */,
				C292D5EBD8FE623151401D3B /* ExerciseAISettingsView.swift */,
				262C63F71236516065104666 /* MotivationSettingsView.swift */,
				8E05E0D00A32813995076AC9 /* MusicGlassControls.swift */,
				8880F70DC5DDC88AD96D653B /* MusicGuideOverlay.swift */,
				0CFE4033315C9DD766463155 /* MusicLibraryScreen.swift */,
				E7B131AC7DD63D608E6C3CB3 /* MusicPlayerPane.swift */,
				544CDDB388219EA439FC403E /* MusicSettingsView.swift */,
				51B1310C047ABD9B4B2694B1 /* OutdoorMapOfflineSettingsView.swift */,
				FF7C3D82BCDAF71304D5E180 /* SettingsView.swift */,
				C2A7A902D00787142161E1D0 /* WorkoutRemindersView.swift */,
				17CA3D35330EB704FCDFB8B2 /* WorkoutTypesSettingsView.swift */,
			);
			path = Settings;
			sourceTree = "<group>";
		};
		6701375A98AD8D3D135B5394 /* WorkoutDetail */ = {
			isa = PBXGroup;
			children = (
				5FC65261AB128B4346DD0F22 /* DatabasePageBrowserSheet.swift */,
				044840F8C2EAA06CD43381D5 /* DurationPickerView.swift */,
				2F435C38E0A49A5A662AEB9F /* MediaPreviewSheet.swift */,
				50C588F8747756505B157DFC /* SectionEditorView.swift */,
				B7EEE9EC6D1BCA35970E2AA0 /* SectionRow.swift */,
				CC960EC12B1CFF9CD3AA7AC1 /* WorkoutDetailView.swift */,
			);
			path = WorkoutDetail;
			sourceTree = "<group>";
		};
		7CB83DA7936F4F5337347E13 /* Player */ = {
			isa = PBXGroup;
			children = (
				7F7BFAD21B9B1C17B9DE368D /* ExercisePageOverlay.swift */,
				6E38BC78673EC52C30C37CFB /* FloatingControlsBar.swift */,
				9ADAD9B141C4818314EE1253 /* WorkoutPlayerView.swift */,
			);
			path = Player;
			sourceTree = "<group>";
		};
		876B42657ED58460E1C4E3E1 /* Packages */ = {
			isa = PBXGroup;
			children = (
				C2FF5FDE2B0B8061303B3861 /* TimeMasterCore */,
			);
			name = Packages;
			sourceTree = "<group>";
		};
		9116F4E669727A33B853D872 /* ViewModels */ = {
			isa = PBXGroup;
			children = (
				1A30541E8A14548A023A7CCF /* AIProvider.swift */,
				08AAEB576B7DB134E5212C54 /* AIStore.swift */,
				15AA01746BBCB2AC35816B2D /* DatabaseStore.swift */,
				23EE3E0BC826FCFD182367D3 /* MacVideoEditorModel.swift */,
				EC7F0EFE2A38785AFA71B55A /* MusicLibraryStore.swift */,
				01618C53E4137D7AC1CB4DCF /* OutdoorActivityStore.swift */,
				BF2175E25BF275E3B9D91DDA /* PageTreeBuilder.swift */,
				2E89B236DA27477DE058ABD6 /* ToolRouter.swift */,
				DD51B28A67F20C1A78F03397 /* VideoEditorViewModel.swift */,
				9B6957E395CCFFEE6C589650 /* WorkoutResumeManager.swift */,
				604FCB76AD2F1E4AAD560805 /* WorkoutStore.swift */,
			);
			path = ViewModels;
			sourceTree = "<group>";
		};
		9D2F50228B8AAEC8E808D0AA /* TimeMaster */ = {
			isa = PBXGroup;
			children = (
				9991CAB36F9339458080C09D /* Info-macOS.plist */,
				3C6AF2DDD32ED947B58D02B0 /* Info.plist */,
				A1CCEB17200A24DBE2751D49 /* TimeMaster-macOS.entitlements */,
				4C6FF36A9DF857B888B29855 /* TimeMaster.entitlements */,
				2B716F96FC83CC5B167F3C6E /* App */,
				1FF12E5694591672653BC22B /* Models */,
				2BDBBAF7F873D8DF1820C983 /* Resources */,
				E77C50DF73EE34BD211B8CF4 /* Services */,
				35A54AE4B141791F78BE29C4 /* Utilities */,
				9116F4E669727A33B853D872 /* ViewModels */,
				43DF0E6BD7C41C81366F761F /* Views */,
			);
			path = TimeMaster;
			sourceTree = "<group>";
		};
		C70E59D4A6468EC75DF66FD0 = {
			isa = PBXGroup;
			children = (
				876B42657ED58460E1C4E3E1 /* Packages */,
				9D2F50228B8AAEC8E808D0AA /* TimeMaster */,
				26FA13129B845B5C3499F3CB /* Products */,
			);
			sourceTree = "<group>";
		};
		D484AE590F5911664457F560 /* Database */ = {
			isa = PBXGroup;
			children = (
				21658C2964F1C26C78786FC3 /* DatabaseSectionPickerView.swift */,
				FDC6F1BB5C2EAC1AC1DC0421 /* DatabaseView.swift */,
				BA214153A177B646B5716F8F /* ExercisePageDetailView.swift */,
				147E3BD8DE078C3FE350F602 /* PageCardView.swift */,
				C7A3A1CAF77CA030B8E930D9 /* PageCreationSheet.swift */,
				AE37AEFDB6AEF4406879D5A3 /* PageLinkPreview.swift */,
				D163AA4744C0E86692930FB6 /* PageMediaGallery.swift */,
				2174535363CFC988D190B790 /* VideoEmbedCard.swift */,
				901825E1313282F9A698669C /* WorkoutPickerSheet.swift */,
			);
			path = Database;
			sourceTree = "<group>";
		};
		E6BBF9B366487FCFAC1DC5B5 /* Home */ = {
			isa = PBXGroup;
			children = (
				A1982E564F4214D2342CB79D /* HomeDashboardView.swift */,
			);
			path = Home;
			sourceTree = "<group>";
		};
		E77C50DF73EE34BD211B8CF4 /* Services */ = {
			isa = PBXGroup;
			children = (
				A1828544134A1982F2E9500F /* MacVideoDatabaseImporter.swift */,
				50B459F5FDFDB2FBCA5E4EB4 /* MacVideoDownloadService.swift */,
				18C92EF761CE54686C4177F7 /* MusicProviderAdapters.swift */,
				974234249F4F5FE01C287372 /* ServerDiscovery.swift */,
				D264DD465BC99BACA5CD3668 /* VideoDownloadService.swift */,
				D84B5A5EA777C4BE497FC8C1 /* VideoTrimService.swift */,
				F5F90D3D4F86D49C65A0C7F6 /* Outdoor */,
			);
			path = Services;
			sourceTree = "<group>";
		};
		EDDE53096491166E59037E3F /* Navigation */ = {
			isa = PBXGroup;
			children = (
				9307001A6FC7FD76022967AE /* SlotNavigationArc.swift */,
				670BE94C2C96B125EDEF40DF /* SlotNavigationBar.swift */,
				754B28C30A321F0E407FC8FA /* SlotNavigationContainer.swift */,
				BF3BA19ED70686C66D9D7AD6 /* SlotNavigationItem.swift */,
			);
			path = Navigation;
			sourceTree = "<group>";
		};
		F5F90D3D4F86D49C65A0C7F6 /* Outdoor */ = {
			isa = PBXGroup;
			children = (
				E6ED4DE0D6AB70A5C0092224 /* OutdoorExportService.swift */,
				CC8D7A548AC7A53A5EB150FA /* OutdoorLocationRecorder.swift */,
				B58013D8E786ACE5E076ADF7 /* OutdoorMapOfflineManager.swift */,
				B332BC1DDB6BB0093965A456 /* OutdoorMetricsCalculator.swift */,
				97F588DC9A67F4FD4B9F4232 /* OutdoorRouteSnapper.swift */,
			);
			path = Outdoor;
			sourceTree = "<group>";
		};
/* End PBXGroup section */

/* Begin PBXNativeTarget section */
		1A8659C6D23D6DCC509045C6 /* TimeMaster-macOS */ = {
			isa = PBXNativeTarget;
			buildConfigurationList = E39B7912B4A29188B1469637 /* Build configuration list for PBXNativeTarget "TimeMaster-macOS" */;
			buildPhases = (
				C126ED0F48398FAD02962C4F /* Sources */,
				11C907F15D47352071C5DD2A /* Resources */,
				DFFDAF7BDE8E107FB4EA1928 /* Frameworks */,
			);
			buildRules = (
			);
			dependencies = (
			);
			name = "TimeMaster-macOS";
			packageProductDependencies = (
				BBF59F7E7638550A5AE16200 /* ZIPFoundation */,
				318EF0BBBA22FEF901B5BD35 /* SwiftMP3 */,
				6597294304852DBC80D29D90 /* TimeMasterCore */,
			);
			productName = "TimeMaster-macOS";
			productReference = 5F9DFA16477EC88FEF1F13EF /* TimeMaster-macOS.app */;
			productType = "com.apple.product-type.application";
		};
		A9869356E186BE43EA3A8C23 /* TimeMaster */ = {
			isa = PBXNativeTarget;
			buildConfigurationList = 811B5E660EBA8DD8F002C6EE /* Build configuration list for PBXNativeTarget "TimeMaster" */;
			buildPhases = (
				453A31AAC294959EF9BF7E01 /* Sources */,
				207CBEF1CC8309A8ADCE88E0 /* Resources */,
				EA98384D619F1909881D5453 /* Frameworks */,
			);
			buildRules = (
			);
			dependencies = (
			);
			name = TimeMaster;
			packageProductDependencies = (
				85E2120C60EC88EBCAB370DF /* ZIPFoundation */,
				08B40C23A0D2EC5ACDFA623B /* SwiftMP3 */,
				9657EC7E161B4E4B7E8855A2 /* MapLibre */,
				E1F2E895BBE5E9609E17ECAA /* LiquidGlassKit */,
				252C84030B2F7B9008ABFAF3 /* TimeMasterCore */,
			);
			productName = TimeMaster;
			productReference = 69344764F8B3AC313FF4CBC5 /* TimeMaster.app */;
			productType = "com.apple.product-type.application";
		};
/* End PBXNativeTarget section */

/* Begin PBXProject section */
		A81F1550B5F09DC65B9D99F6 /* Project object */ = {
			isa = PBXProject;
			attributes = {
				BuildIndependentTargetsInParallel = YES;
				LastUpgradeCheck = 1500;
				TargetAttributes = {
					1A8659C6D23D6DCC509045C6 = {
						DevelopmentTeam = "";
					};
					A9869356E186BE43EA3A8C23 = {
						DevelopmentTeam = "";
					};
				};
			};
			buildConfigurationList = BFEFEEF2CC629465516D4B34 /* Build configuration list for PBXProject "TimeMaster" */;
			developmentRegion = en;
			hasScannedForEncodings = 0;
			knownRegions = (
				Base,
				en,
			);
			mainGroup = C70E59D4A6468EC75DF66FD0;
			minimizedProjectReferenceProxies = 1;
			packageReferences = (
				9E5451DFC05F1DB9FFA97E90 /* XCRemoteSwiftPackageReference "LiquidGlassKit" */,
				ADCDE9D1DDDAC1397586B4EA /* XCRemoteSwiftPackageReference "maplibre-gl-native-distribution" */,
				C73D7CF2D7D649BC79CEB2B6 /* XCRemoteSwiftPackageReference "swift-mp3" */,
				D7F3042714C3A535D64E4761 /* XCRemoteSwiftPackageReference "ZIPFoundation" */,
				40475490E401564EE84E502D /* XCLocalSwiftPackageReference "TimeMasterCore" */,
			);
			preferredProjectObjectVersion = 77;
			productRefGroup = 26FA13129B845B5C3499F3CB /* Products */;
			projectDirPath = "";
			projectRoot = "";
			targets = (
				A9869356E186BE43EA3A8C23 /* TimeMaster */,
				1A8659C6D23D6DCC509045C6 /* TimeMaster-macOS */,
			);
		};
/* End PBXProject section */

/* Begin PBXResourcesBuildPhase section */
		11C907F15D47352071C5DD2A /* Resources */ = {
			isa = PBXResourcesBuildPhase;
			buildActionMask = 2147483647;
			files = (
				456D34AD6F57FBF2E8B267C4 /* Assets.xcassets in Resources */,
				7DB0E30619543987A477CDB6 /* Info.plist in Resources */,
			);
			runOnlyForDeploymentPostprocessing = 0;
		};
		207CBEF1CC8309A8ADCE88E0 /* Resources */ = {
			isa = PBXResourcesBuildPhase;
			buildActionMask = 2147483647;
			files = (
				C1A65DCE0C13F3C3294FD511 /* Assets.xcassets in Resources */,
				8E7C11DD25A21C06BAFAF5AF /* Info-macOS.plist in Resources */,
			);
			runOnlyForDeploymentPostprocessing = 0;
		};
/* End PBXResourcesBuildPhase section */

/* Begin PBXSourcesBuildPhase section */
		453A31AAC294959EF9BF7E01 /* Sources */ = {
			isa = PBXSourcesBuildPhase;
			buildActionMask = 2147483647;
			files = (
				2B55D0F00A9F2A54F585FDCC /* AICoachView.swift in Sources */,
				AE60993DD2ED3AED3CFCDFC1 /* AIProvider.swift in Sources */,
				FD452ABA07833934841CC4E0 /* AISettingsView.swift in Sources */,
				CB4A98461337E7955D8EAC6B /* AIStore.swift in Sources */,
				D205311183C797669AC83F2E /* AnalyticsView.swift in Sources */,
				4986FBC4105C7ECB9A1DF962 /* AsyncCoverImage.swift in Sources */,
				DF365B3329D18015F0D078D8 /* AudioManager.swift in Sources */,
				D05E2B758BFBB6DF6164F8CC /* BackupManager.swift in Sources */,
				4ADD90C5CBC2CFA8B908A118 /* BackupView.swift in Sources */,
				38F4D6D6E4EB92879758A36F /* BatchConfirmView.swift in Sources */,
				9AFD9091F109575DF5835A11 /* DatabasePageBrowserSheet.swift in Sources */,
				11EBDDA32870EBD38CC6EBE4 /* DatabaseSectionPickerView.swift in Sources */,
				20F019992B3164F1D0AA6505 /* DatabaseStore.swift in Sources */,
				5F9122497A6B1D0BA5D17E14 /* DatabaseView.swift in Sources */,
				F060D024E3A24D475C7B6CD4 /* DurationPickerView.swift in Sources */,
				82DB6A336E75B5E7CB4FC3F6 /* ExerciseAISettingsView.swift in Sources */,
				E43BC31D1ACC34BC8B287DBD /* ExerciseDatabase.swift in Sources */,
				0A8D5CD3B048420DD121192F /* ExerciseNamingService.swift in Sources */,
				F603AE4A1CCA210169FB679A /* ExercisePage.swift in Sources */,
				3E9F5D16097670B3CD457766 /* ExercisePageDetailView.swift in Sources */,
				9CCD24B9A2CE8065FDD8507D /* ExercisePageOverlay.swift in Sources */,
				D61E3F27C1ECB2FA9C512CA8 /* FloatingControlsBar.swift in Sources */,
				5B3D5BF736DEF005BB3D9B68 /* HistoryView.swift in Sources */,
				99D84511BC7FC327EF67428E /* HomeDashboardView.swift in Sources */,
				C0F8874E24C547F42DACA009 /* ImportSheetView.swift in Sources */,
				F935766F4C0248DC6754248D /* KeychainHelper.swift in Sources */,
				C70C335647F399430B311108 /* MacCommands.swift in Sources */,
				A8E33311034B7C801C07CDAB /* MacFilePicker.swift in Sources */,
				4692522E636D242DDBB76692 /* MacVideoDatabaseImporter.swift in Sources */,
				90F67F23C5E12ED3F7D9E680 /* MacVideoDownloadService.swift in Sources */,
				97CFB293859EC231EAE8424A /* MacVideoDraft.swift in Sources */,
				20DE70D5B08F45B91DFE946E /* MacVideoEditorModel.swift in Sources */,
				3C42A22EDDA3D4E08D4DEECC /* MacVideoEditorView.swift in Sources */,
				518B2DE773F5BA3742F43985 /* MacVideoImportSheet.swift in Sources */,
				B8F9E5AEDE24CB233157AD65 /* MacVideoPlayerView.swift in Sources */,
				5ED57B09F6050B8A9889EB11 /* MacVideoSavePopover.swift in Sources */,
				42395E6AB9C8F12679CA99A8 /* MacVideoSource.swift in Sources */,
				5264C3C2D2EFA39002CC4542 /* MacVideoTimelineSegment.swift in Sources */,
				A52B57AED83D34523ACF7433 /* MainTabView.swift in Sources */,
				C60778CBF61696E62E033E5A /* MediaPreviewSheet.swift in Sources */,
				FE7FC7E6D762841DA8BBCB52 /* MotivationManager.swift in Sources */,
				95A50701B3F318C1C99F6983 /* MotivationSettingsView.swift in Sources */,
				561D8865CC22DA4044C86267 /* MusicGlassControls.swift in Sources */,
				BA148F1C885761223D689FC4 /* MusicGuideOverlay.swift in Sources */,
				427E18A7BB2D360BD025A83B /* MusicLibraryModels.swift in Sources */,
				93E9185010BEC8FBEDB66240 /* MusicLibraryScreen.swift in Sources */,
				C23D08EFE61D318AEC977B24 /* MusicLibraryStore.swift in Sources */,
				68A5CE3F374D4FDB07671FEA /* MusicManager.swift in Sources */,
				F34EA105281073DAA9565762 /* MusicPlayerPane.swift in Sources */,
				C43D10FDE5B09428BB1E9A33 /* MusicProviderAdapters.swift in Sources */,
				3157B85C810E38C457FC1C7E /* MusicSettingsView.swift in Sources */,
				4C5EC5E1E873C67D607478DA /* NotificationManager.swift in Sources */,
				20A75B2A698DC7E5010B4CC5 /* OutdoorActivity.swift in Sources */,
				3A0F9D922F125196542FFBF1 /* OutdoorActivityStore.swift in Sources */,
				D0DC9A8974EDD9C798F0B1AF /* OutdoorActivitySummaryView.swift in Sources */,
				9A153924D406F6947DE98D1F /* OutdoorExportService.swift in Sources */,
				7E3E7C0A82E3BD9DABD69583 /* OutdoorLocationRecorder.swift in Sources */,
				559875969C22D170D7FA2287 /* OutdoorMapLibreView.swift in Sources */,
				0E3D6F53D5FD08241E20CD03 /* OutdoorMapOfflineManager.swift in Sources */,
				63D7A3D45E7ED573975C7AB6 /* OutdoorMapOfflineSettingsView.swift in Sources */,
				32A7DE735947C3A995C1ABED /* OutdoorMetricsCalculator.swift in Sources */,
				A10F054C17CDB14E070E3401 /* OutdoorRecorderView.swift in Sources */,
				5B75D83FC26CD308E19AF683 /* OutdoorRouteSnapper.swift in Sources */,
				590DC71BE8C0231A275DCEEE /* PageCardView.swift in Sources */,
				C5A780D6F56613ABECE8AC4F /* PageCreationSheet.swift in Sources */,
				F8D8047E415F5842E87BF5FD /* PageLinkPreview.swift in Sources */,
				2543624AAD36591073E219EA /* PageMediaGallery.swift in Sources */,
				8ACEDC7512FEB9A0F8708243 /* PageTreeBuilder.swift in Sources */,
				915FEE50E6150A07D9782D4E /* PhotoManager.swift in Sources */,
				C86E9068EFDC9ACF3D897A0E /* PlannedRoute.swift in Sources */,
				9CE5F2326BA858138E1E243C /* PrivateLiquidGlass.swift in Sources */,
				D876BBF5D66A951F5E3066F4 /* ProfileView.swift in Sources */,
				AEEB3AFDB1611498617662F6 /* RoutePickerSheet.swift in Sources */,
				A9C93D7F18FE11AD0DCDE0DF /* SectionEditorView.swift in Sources */,
				72D7C68C05374223CD37BFB9 /* SectionRow.swift in Sources */,
				5246CEED03110373718500FB /* ServerDiscovery.swift in Sources */,
				D050E4BC684E33F38C4AF4DD /* ServerSettingsView.swift in Sources */,
				64343BE5E9F5DA35397089FD /* SettingsView.swift in Sources */,
				4A6515879F053053022E4F1E /* SlotNavigationArc.swift in Sources */,
				D6A4019B6EB90828AA3511CE /* SlotNavigationBar.swift in Sources */,
				4CFDD4F767F087E04B3C554E /* SlotNavigationContainer.swift in Sources */,
				8A1EE260FFAB26D2EB3A245C /* SlotNavigationItem.swift in Sources */,
				355D53015A74800EB1032FB4 /* Theme.swift in Sources */,
				26E7AE1E2D900122B5023DB1 /* TimeMasterApp.swift in Sources */,
				1A09605C35CFF03E5621A168 /* ToolRouter.swift in Sources */,
				BB4F39D0883462DD08776419 /* TrayCardView.swift in Sources */,
				8ADC60A7F1B2F25CE2EEC828 /* TrayItem.swift in Sources */,
				DEAE02C66BE0E138250A105A /* VideoDownloadService.swift in Sources */,
				799EFBBC8EC17CA89623F013 /* VideoEditorView.swift in Sources */,
				131D0631E4E8284C9D89FE5F /* VideoEditorViewModel.swift in Sources */,
				8766E931A44209E4AE84B482 /* VideoEmbedCard.swift in Sources */,
				665A7A181116B00B4845C8E1 /* VideoTrimService.swift in Sources */,
				772385FE936467AA631F28E3 /* Workout.swift in Sources */,
				8E10F16687300FCA610669A3 /* WorkoutCard.swift in Sources */,
				3098DC6341C897F9D10C082F /* WorkoutDetailView.swift in Sources */,
				8774DCE1AA5D3C75471D2821 /* WorkoutHistory.swift in Sources */,
				2E0C54F31F1BD8B352CE6FF1 /* WorkoutListView.swift in Sources */,
				C0A3DF2E1C1A7D06EC0EB6CC /* WorkoutPickerSheet.swift in Sources */,
				0FB34F5C91091CEECFC8D331 /* WorkoutPlayerView.swift in Sources */,
				408A3749AC93ECD68CF94B10 /* WorkoutRemindersView.swift in Sources */,
				6AF2F0DA33DF607E3BA97D9E /* WorkoutResumeManager.swift in Sources */,
				5354F8C2C9C7E6081A8DDF8E /* WorkoutSectionBuilder.swift in Sources */,
				CDE9BF594977D371446C3290 /* WorkoutStore.swift in Sources */,
				D4CBAC4E57A8F1ED8E4CF735 /* WorkoutTypesSettingsView.swift in Sources */,
			);
			runOnlyForDeploymentPostprocessing = 0;
		};
		C126ED0F48398FAD02962C4F /* Sources */ = {
			isa = PBXSourcesBuildPhase;
			buildActionMask = 2147483647;
			files = (
				56E37DD04D21CBCBCEE65195 /* AICoachView.swift in Sources */,
				AA338139391D16AB2B65CA22 /* AIProvider.swift in Sources */,
				E4243D9BD9F55DC011375CE8 /* AISettingsView.swift in Sources */,
				1721B0FEDD18A9A1C6044358 /* AIStore.swift in Sources */,
				7C5FFA24F31FE1821A041E53 /* AnalyticsView.swift in Sources */,
				CA97DEF5C771E2935280AD67 /* AsyncCoverImage.swift in Sources */,
				21BA70DFF7E86CAE36A5C37B /* AudioManager.swift in Sources */,
				1F014AA42226639BBE471F24 /* BackupManager.swift in Sources */,
				DDF89578EABAC73ED7DCFA9C /* BackupView.swift in Sources */,
				F6838F3448F9386FB0F33390 /* BatchConfirmView.swift in Sources */,
				03F7A4C3ACB31CC61B8F4B38 /* DatabasePageBrowserSheet.swift in Sources */,
				C335456F7D0ADC15B973B7B8 /* DatabaseSectionPickerView.swift in Sources */,
				C0E4AB415E71B8C541477980 /* DatabaseStore.swift in Sources */,
				ECE7205F6CD799125CF0242A /* DatabaseView.swift in Sources */,
				27071C3840BF1635925CB6CD /* DurationPickerView.swift in Sources */,
				9CC9684997DA3660B5666198 /* ExerciseAISettingsView.swift in Sources */,
				96444760F84DA562E3C1E961 /* ExerciseDatabase.swift in Sources */,
				2961777529AC80F2A9570C32 /* ExerciseNamingService.swift in Sources */,
				3ADF98953F934302D315ED4D /* ExercisePage.swift in Sources */,
				05853A325C958023D44EA3C3 /* ExercisePageDetailView.swift in Sources */,
				E73352D93E3783385F9CD7EE /* ExercisePageOverlay.swift in Sources */,
				1E682B19040505173A331CB0 /* FloatingControlsBar.swift in Sources */,
				95F3A280CFA2C2673F4C0137 /* HistoryView.swift in Sources */,
				09F3F5193FB171C978494FEC /* HomeDashboardView.swift in Sources */,
				C2B75BC306BA255C920F453D /* ImportSheetView.swift in Sources */,
				6B201BE5D8D6C8685E62EC17 /* KeychainHelper.swift in Sources */,
				D1E0A29BD844E89585013B3A /* MacCommands.swift in Sources */,
				BC268E0D78881E52B0CD40BD /* MacFilePicker.swift in Sources */,
				26A31AF3709B259294075DCC /* MacVideoDatabaseImporter.swift in Sources */,
				F982C089FE894F470B34954C /* MacVideoDownloadService.swift in Sources */,
				C471F3D37C9C871EAAC793F6 /* MacVideoDraft.swift in Sources */,
				895B628DEFD5D54381D4A684 /* MacVideoEditorModel.swift in Sources */,
				28C9BA6DB2D0CDF328F955D5 /* MacVideoEditorView.swift in Sources */,
				E623E0AC865B7423CA80DD09 /* MacVideoImportSheet.swift in Sources */,
				F545A726C5187E6B3F704EE9 /* MacVideoPlayerView.swift in Sources */,
				04AB519077A6EEA8A99A5EDC /* MacVideoSavePopover.swift in Sources */,
				45E020960E9572DFC4C18512 /* MacVideoSource.swift in Sources */,
				975070E4C105A5AD8AC36459 /* MacVideoTimelineSegment.swift in Sources */,
				973D6FCA54ADE1593D0B32B2 /* MainTabView.swift in Sources */,
				2E7A0499465CDAF7F07FDC34 /* MediaPreviewSheet.swift in Sources */,
				4AAB34B6F3ADC836006D7721 /* MotivationManager.swift in Sources */,
				51521585263E680D0796CD7D /* MotivationSettingsView.swift in Sources */,
				2C1D6DF3FDCC4234D774CFBD /* MusicGlassControls.swift in Sources */,
				0B3EB713E98DABAD9DB6ADF8 /* MusicGuideOverlay.swift in Sources */,
				07539DFCC2AB76D4821659F3 /* MusicLibraryModels.swift in Sources */,
				70A8938D4FADD29277FBC7EC /* MusicLibraryScreen.swift in Sources */,
				ED8FA1DEC41EBE1DBE23A2DE /* MusicLibraryStore.swift in Sources */,
				1F38F1E5BDA6E33ABCFF446E /* MusicManager.swift in Sources */,
				080D41A92088ED6AD64BD1A9 /* MusicPlayerPane.swift in Sources */,
				4F827B5F7BFAB9ECD9CCF4D2 /* MusicProviderAdapters.swift in Sources */,
				4D34183ADD9043FD3D2457EE /* MusicSettingsView.swift in Sources */,
				8738B5C840599628FD8BD930 /* NotificationManager.swift in Sources */,
				1C569EE71A05017FC049612C /* OutdoorActivity.swift in Sources */,
				DDF988DA3D5FC60ED0A4E250 /* OutdoorActivityStore.swift in Sources */,
				345635E5511476C9C6A86E42 /* OutdoorActivitySummaryView.swift in Sources */,
				4C234617F046C60627DE9F13 /* OutdoorExportService.swift in Sources */,
				A250AB5CC10EA0272D2ED9ED /* OutdoorLocationRecorder.swift in Sources */,
				BA6359DAA3E968E620523566 /* OutdoorMapLibreView.swift in Sources */,
				812293D59B8D2DC72C9767B0 /* OutdoorMapOfflineManager.swift in Sources */,
				15A2746BE489C2E629107344 /* OutdoorMapOfflineSettingsView.swift in Sources */,
				3B4226EB7ADBAD2EB945B88E /* OutdoorMetricsCalculator.swift in Sources */,
				A1002CEC02F404EAC8516516 /* OutdoorRecorderView.swift in Sources */,
				3BBC9310F475328AC32F36DC /* OutdoorRouteSnapper.swift in Sources */,
				A610C5130B7740502281E80C /* PageCardView.swift in Sources */,
				25AE8340C3DD506C78A63CE2 /* PageCreationSheet.swift in Sources */,
				44313C07E2AC07FE3A4B99D8 /* PageLinkPreview.swift in Sources */,
				035704F3EF5E2746903894C4 /* PageMediaGallery.swift in Sources */,
				EBE639AA663B35B414DACED6 /* PageTreeBuilder.swift in Sources */,
				231E7E1E2C99753E61EBEE54 /* PhotoManager.swift in Sources */,
				A914ED0F4CEBF37A0F126AB9 /* PlannedRoute.swift in Sources */,
				163AA4E32C4E8BD3F77A991F /* PrivateLiquidGlass.swift in Sources */,
				478C04B1C47C61C1017A2323 /* ProfileView.swift in Sources */,
				9BFD7F587F2BB8FF389A036E /* RoutePickerSheet.swift in Sources */,
				CD3549ECE4347BD8DDF0A91C /* SectionEditorView.swift in Sources */,
				5C5E3913C7E0AEBF4C6B7227 /* SectionRow.swift in Sources */,
				2F25651905E1A1B333D99DF1 /* ServerDiscovery.swift in Sources */,
				635364FD2E822E1DD4AD6895 /* ServerSettingsView.swift in Sources */,
				ECBD34FE7A571F71D33AF9AC /* SettingsView.swift in Sources */,
				4AF8953E1920FC31E031074E /* SlotNavigationArc.swift in Sources */,
				D194420B9CBCA3A07886EF84 /* SlotNavigationBar.swift in Sources */,
				C8F6639DE95AB713C35850EF /* SlotNavigationContainer.swift in Sources */,
				A248D30E44101EBE3E5878D8 /* SlotNavigationItem.swift in Sources */,
				2681C7964176B8B24E7E591B /* Theme.swift in Sources */,
				298AD304188737C7C50AFBD4 /* TimeMasterApp.swift in Sources */,
				EC5386B83DE92454605914BD /* ToolRouter.swift in Sources */,
				C40C12C08BB9ED640B0E3180 /* TrayCardView.swift in Sources */,
				F50E9255146C52CF69E82427 /* TrayItem.swift in Sources */,
				D823D70070F3F455442A82BC /* VideoDownloadService.swift in Sources */,
				C41EE83CD7FE2D8173CD2935 /* VideoEditorView.swift in Sources */,
				AA7714A8E81C30CF1B9F4F96 /* VideoEditorViewModel.swift in Sources */,
				82AF5B7320BEF46320E1F53B /* VideoEmbedCard.swift in Sources */,
				CE924ED8CDB77294CB22733B /* VideoTrimService.swift in Sources */,
				29158F6F1C5270FBE2A7B861 /* Workout.swift in Sources */,
				5F31DFA7984D308D0EFF33B0 /* WorkoutCard.swift in Sources */,
				A8022935A822FAA99CBA4EFA /* WorkoutDetailView.swift in Sources */,
				EA493E92D3B5470AF58DABDB /* WorkoutHistory.swift in Sources */,
				47CABD616B106BCCE27006DC /* WorkoutListView.swift in Sources */,
				4B903E92D428D16BD181A217 /* WorkoutPickerSheet.swift in Sources */,
				69CA6E3FFE91CDC1C036390A /* WorkoutPlayerView.swift in Sources */,
				588BAA67DE57B021348373EF /* WorkoutRemindersView.swift in Sources */,
				178D5EA64B0BB4B4288F96E5 /* WorkoutResumeManager.swift in Sources */,
				7D60CF2FC810CA8CDC9A7D90 /* WorkoutSectionBuilder.swift in Sources */,
				A5911FFA14CB9FDBD3D8F668 /* WorkoutStore.swift in Sources */,
				1FB477637AC9EC02C7CB82AE /* WorkoutTypesSettingsView.swift in Sources */,
			);
			runOnlyForDeploymentPostprocessing = 0;
		};
/* End PBXSourcesBuildPhase section */

/* Begin XCBuildConfiguration section */
		002D6AC69A41EBD5B8017E3B /* Debug */ = {
			isa = XCBuildConfiguration;
			buildSettings = {
				ALWAYS_SEARCH_USER_PATHS = NO;
				CLANG_ANALYZER_NONNULL = YES;
				CLANG_ANALYZER_NUMBER_OBJECT_CONVERSION = YES_AGGRESSIVE;
				CLANG_CXX_LANGUAGE_STANDARD = "gnu++14";
				CLANG_CXX_LIBRARY = "libc++";
				CLANG_ENABLE_MODULES = YES;
				CLANG_ENABLE_OBJC_ARC = YES;
				CLANG_ENABLE_OBJC_WEAK = YES;
				CLANG_WARN_BLOCK_CAPTURE_AUTORELEASING = YES;
				CLANG_WARN_BOOL_CONVERSION = YES;
				CLANG_WARN_COMMA = YES;
				CLANG_WARN_CONSTANT_CONVERSION = YES;
				CLANG_WARN_DEPRECATED_OBJC_IMPLEMENTATIONS = YES;
				CLANG_WARN_DIRECT_OBJC_ISA_USAGE = YES_ERROR;
				CLANG_WARN_DOCUMENTATION_COMMENTS = YES;
				CLANG_WARN_EMPTY_BODY = YES;
				CLANG_WARN_ENUM_CONVERSION = YES;
				CLANG_WARN_INFINITE_RECURSION = YES;
				CLANG_WARN_INT_CONVERSION = YES;
				CLANG_WARN_NON_LITERAL_NULL_CONVERSION = YES;
				CLANG_WARN_OBJC_IMPLICIT_RETAIN_SELF = YES;
				CLANG_WARN_OBJC_LITERAL_CONVERSION = YES;
				CLANG_WARN_OBJC_ROOT_CLASS = YES_ERROR;
				CLANG_WARN_QUOTED_INCLUDE_IN_FRAMEWORK_HEADER = YES;
				CLANG_WARN_RANGE_LOOP_ANALYSIS = YES;
				CLANG_WARN_STRICT_PROTOTYPES = YES;
				CLANG_WARN_SUSPICIOUS_MOVE = YES;
				CLANG_WARN_UNGUARDED_AVAILABILITY = YES_AGGRESSIVE;
				CLANG_WARN_UNREACHABLE_CODE = YES;
				CLANG_WARN__DUPLICATE_METHOD_MATCH = YES;
				COPY_PHASE_STRIP = NO;
				CURRENT_PROJECT_VERSION = 1;
				DEBUG_INFORMATION_FORMAT = dwarf;
				ENABLE_STRICT_OBJC_MSGSEND = YES;
				ENABLE_TESTABILITY = YES;
				GCC_C_LANGUAGE_STANDARD = gnu11;
				GCC_DYNAMIC_NO_PIC = NO;
				GCC_NO_COMMON_BLOCKS = YES;
				GCC_OPTIMIZATION_LEVEL = 0;
				GCC_PREPROCESSOR_DEFINITIONS = (
					"$(inherited)",
					"DEBUG=1",
				);
				GCC_WARN_64_TO_32_BIT_CONVERSION = YES;
				GCC_WARN_ABOUT_RETURN_TYPE = YES_ERROR;
				GCC_WARN_UNDECLARED_SELECTOR = YES;
				GCC_WARN_UNINITIALIZED_AUTOS = YES_AGGRESSIVE;
				GCC_WARN_UNUSED_FUNCTION = YES;
				GCC_WARN_UNUSED_VARIABLE = YES;
				GENERATE_INFOPLIST_FILE = YES;
				IPHONEOS_DEPLOYMENT_TARGET = 16.0;
				MACOSX_DEPLOYMENT_TARGET = 14.0;
				MARKETING_VERSION = 1.0.0;
				MTL_ENABLE_DEBUG_INFO = INCLUDE_SOURCE;
				MTL_FAST_MATH = YES;
				ONLY_ACTIVE_ARCH = YES;
				PRODUCT_NAME = "$(TARGET_NAME)";
				SWIFT_ACTIVE_COMPILATION_CONDITIONS = DEBUG;
				SWIFT_OPTIMIZATION_LEVEL = "-Onone";
				SWIFT_VERSION = 5.9;
			};
			name = Debug;
		};
		18FA5EC7CC141DC44F9072E8 /* Debug */ = {
			isa = XCBuildConfiguration;
			buildSettings = {
				ASSETCATALOG_COMPILER_APPICON_NAME = AppIcon;
				ASSETCATALOG_COMPILER_GLOBAL_ACCENT_COLOR_NAME = AccentColor;
				CODE_SIGNING_ALLOWED = NO;
				CODE_SIGNING_REQUIRED = NO;
				CODE_SIGN_ENTITLEMENTS = "TimeMaster/TimeMaster-macOS.entitlements";
				CODE_SIGN_IDENTITY = "";
				COMBINE_HIDPI_IMAGES = YES;
				DEVELOPMENT_TEAM = "";
				ENABLE_HARDENED_RUNTIME = NO;
				GENERATE_INFOPLIST_FILE = NO;
				INFOPLIST_FILE = "TimeMaster/Info-macOS.plist";
				LD_RUNPATH_SEARCH_PATHS = (
					"$(inherited)",
					"@executable_path/../Frameworks",
				);
				MACOSX_DEPLOYMENT_TARGET = 14.0;
				PRODUCT_BUNDLE_IDENTIFIER = com.timemaster.macos;
				PRODUCT_NAME = "$(TARGET_NAME)";
				SDKROOT = macosx;
			};
			name = Debug;
		};
		3049C22585F21DDBB31171CF /* Release */ = {
			isa = XCBuildConfiguration;
			buildSettings = {
				ALWAYS_SEARCH_USER_PATHS = NO;
				CLANG_ANALYZER_NONNULL = YES;
				CLANG_ANALYZER_NUMBER_OBJECT_CONVERSION = YES_AGGRESSIVE;
				CLANG_CXX_LANGUAGE_STANDARD = "gnu++14";
				CLANG_CXX_LIBRARY = "libc++";
				CLANG_ENABLE_MODULES = YES;
				CLANG_ENABLE_OBJC_ARC = YES;
				CLANG_ENABLE_OBJC_WEAK = YES;
				CLANG_WARN_BLOCK_CAPTURE_AUTORELEASING = YES;
				CLANG_WARN_BOOL_CONVERSION = YES;
				CLANG_WARN_COMMA = YES;
				CLANG_WARN_CONSTANT_CONVERSION = YES;
				CLANG_WARN_DEPRECATED_OBJC_IMPLEMENTATIONS = YES;
				CLANG_WARN_DIRECT_OBJC_ISA_USAGE = YES_ERROR;
				CLANG_WARN_DOCUMENTATION_COMMENTS = YES;
				CLANG_WARN_EMPTY_BODY = YES;
				CLANG_WARN_ENUM_CONVERSION = YES;
				CLANG_WARN_INFINITE_RECURSION = YES;
				CLANG_WARN_INT_CONVERSION = YES;
				CLANG_WARN_NON_LITERAL_NULL_CONVERSION = YES;
				CLANG_WARN_OBJC_IMPLICIT_RETAIN_SELF = YES;
				CLANG_WARN_OBJC_LITERAL_CONVERSION = YES;
				CLANG_WARN_OBJC_ROOT_CLASS = YES_ERROR;
				CLANG_WARN_QUOTED_INCLUDE_IN_FRAMEWORK_HEADER = YES;
				CLANG_WARN_RANGE_LOOP_ANALYSIS = YES;
				CLANG_WARN_STRICT_PROTOTYPES = YES;
				CLANG_WARN_SUSPICIOUS_MOVE = YES;
				CLANG_WARN_UNGUARDED_AVAILABILITY = YES_AGGRESSIVE;
				CLANG_WARN_UNREACHABLE_CODE = YES;
				CLANG_WARN__DUPLICATE_METHOD_MATCH = YES;
				COPY_PHASE_STRIP = NO;
				CURRENT_PROJECT_VERSION = 1;
				DEBUG_INFORMATION_FORMAT = "dwarf-with-dsym";
				ENABLE_NS_ASSERTIONS = NO;
				ENABLE_STRICT_OBJC_MSGSEND = YES;
				GCC_C_LANGUAGE_STANDARD = gnu11;
				GCC_NO_COMMON_BLOCKS = YES;
				GCC_WARN_64_TO_32_BIT_CONVERSION = YES;
				GCC_WARN_ABOUT_RETURN_TYPE = YES_ERROR;
				GCC_WARN_UNDECLARED_SELECTOR = YES;
				GCC_WARN_UNINITIALIZED_AUTOS = YES_AGGRESSIVE;
				GCC_WARN_UNUSED_FUNCTION = YES;
				GCC_WARN_UNUSED_VARIABLE = YES;
				GENERATE_INFOPLIST_FILE = YES;
				IPHONEOS_DEPLOYMENT_TARGET = 16.0;
				MACOSX_DEPLOYMENT_TARGET = 14.0;
				MARKETING_VERSION = 1.0.0;
				MTL_ENABLE_DEBUG_INFO = NO;
				MTL_FAST_MATH = YES;
				PRODUCT_NAME = "$(TARGET_NAME)";
				SWIFT_COMPILATION_MODE = wholemodule;
				SWIFT_OPTIMIZATION_LEVEL = "-O";
				SWIFT_VERSION = 5.9;
			};
			name = Release;
		};
		907C02B9A6891AB6B2320546 /* Debug */ = {
			isa = XCBuildConfiguration;
			buildSettings = {
				ASSETCATALOG_COMPILER_APPICON_NAME = AppIcon;
				ASSETCATALOG_COMPILER_GLOBAL_ACCENT_COLOR_NAME = AccentColor;
				CODE_SIGNING_ALLOWED = NO;
				CODE_SIGNING_REQUIRED = NO;
				CODE_SIGN_IDENTITY = "";
				DEVELOPMENT_TEAM = "";
				INFOPLIST_FILE = TimeMaster/Info.plist;
				INFOPLIST_KEY_NSCameraUsageDescription = "Time-Master needs camera access to take photos of your exercises";
				INFOPLIST_KEY_NSPhotoLibraryUsageDescription = "Time-Master needs photo library access to add photos of your exercises";
				INFOPLIST_KEY_UIApplicationSceneManifest_Generation = YES;
				INFOPLIST_KEY_UILaunchScreen_Generation = YES;
				INFOPLIST_KEY_UIStatusBarStyle = UIStatusBarStyleLightContent;
				INFOPLIST_KEY_UISupportedInterfaceOrientations_iPad = "UIInterfaceOrientationPortrait UIInterfaceOrientationPortraitUpsideDown UIInterfaceOrientationLandscapeLeft UIInterfaceOrientationLandscapeRight";
				INFOPLIST_KEY_UISupportedInterfaceOrientations_iPhone = UIInterfaceOrientationPortrait;
				LD_RUNPATH_SEARCH_PATHS = (
					"$(inherited)",
					"@executable_path/Frameworks",
				);
				PRODUCT_BUNDLE_IDENTIFIER = com.timemaster.TimeMaster;
				SDKROOT = iphoneos;
				TARGETED_DEVICE_FAMILY = "1,2";
			};
			name = Debug;
		};
		A39EAE0FA1769EF09D83AE38 /* Release */ = {
			isa = XCBuildConfiguration;
			buildSettings = {
				ASSETCATALOG_COMPILER_APPICON_NAME = AppIcon;
				ASSETCATALOG_COMPILER_GLOBAL_ACCENT_COLOR_NAME = AccentColor;
				CODE_SIGNING_ALLOWED = NO;
				CODE_SIGNING_REQUIRED = NO;
				CODE_SIGN_ENTITLEMENTS = "TimeMaster/TimeMaster-macOS.entitlements";
				CODE_SIGN_IDENTITY = "";
				COMBINE_HIDPI_IMAGES = YES;
				DEVELOPMENT_TEAM = "";
				ENABLE_HARDENED_RUNTIME = NO;
				GENERATE_INFOPLIST_FILE = NO;
				INFOPLIST_FILE = "TimeMaster/Info-macOS.plist";
				LD_RUNPATH_SEARCH_PATHS = (
					"$(inherited)",
					"@executable_path/../Frameworks",
				);
				MACOSX_DEPLOYMENT_TARGET = 14.0;
				PRODUCT_BUNDLE_IDENTIFIER = com.timemaster.macos;
				PRODUCT_NAME = "$(TARGET_NAME)";
				SDKROOT = macosx;
			};
			name = Release;
		};
		E61947F389A25D1A4A7B27BC /* Release */ = {
			isa = XCBuildConfiguration;
			buildSettings = {
				ASSETCATALOG_COMPILER_APPICON_NAME = AppIcon;
				ASSETCATALOG_COMPILER_GLOBAL_ACCENT_COLOR_NAME = AccentColor;
				CODE_SIGNING_ALLOWED = NO;
				CODE_SIGNING_REQUIRED = NO;
				CODE_SIGN_IDENTITY = "";
				DEVELOPMENT_TEAM = "";
				INFOPLIST_FILE = TimeMaster/Info.plist;
				INFOPLIST_KEY_NSCameraUsageDescription = "Time-Master needs camera access to take photos of your exercises";
				INFOPLIST_KEY_NSPhotoLibraryUsageDescription = "Time-Master needs photo library access to add photos of your exercises";
				INFOPLIST_KEY_UIApplicationSceneManifest_Generation = YES;
				INFOPLIST_KEY_UILaunchScreen_Generation = YES;
				INFOPLIST_KEY_UIStatusBarStyle = UIStatusBarStyleLightContent;
				INFOPLIST_KEY_UISupportedInterfaceOrientations_iPad = "UIInterfaceOrientationPortrait UIInterfaceOrientationPortraitUpsideDown UIInterfaceOrientationLandscapeLeft UIInterfaceOrientationLandscapeRight";
				INFOPLIST_KEY_UISupportedInterfaceOrientations_iPhone = UIInterfaceOrientationPortrait;
				LD_RUNPATH_SEARCH_PATHS = (
					"$(inherited)",
					"@executable_path/Frameworks",
				);
				PRODUCT_BUNDLE_IDENTIFIER = com.timemaster.TimeMaster;
				SDKROOT = iphoneos;
				TARGETED_DEVICE_FAMILY = "1,2";
			};
			name = Release;
		};
/* End XCBuildConfiguration section */

/* Begin XCConfigurationList section */
		811B5E660EBA8DD8F002C6EE /* Build configuration list for PBXNativeTarget "TimeMaster" */ = {
			isa = XCConfigurationList;
			buildConfigurations = (
				907C02B9A6891AB6B2320546 /* Debug */,
				E61947F389A25D1A4A7B27BC /* Release */,
			);
			defaultConfigurationIsVisible = 0;
			defaultConfigurationName = Debug;
		};
		BFEFEEF2CC629465516D4B34 /* Build configuration list for PBXProject "TimeMaster" */ = {
			isa = XCConfigurationList;
			buildConfigurations = (
				002D6AC69A41EBD5B8017E3B /* Debug */,
				3049C22585F21DDBB31171CF /* Release */,
			);
			defaultConfigurationIsVisible = 0;
			defaultConfigurationName = Debug;
		};
		E39B7912B4A29188B1469637 /* Build configuration list for PBXNativeTarget "TimeMaster-macOS" */ = {
			isa = XCConfigurationList;
			buildConfigurations = (
				18FA5EC7CC141DC44F9072E8 /* Debug */,
				A39EAE0FA1769EF09D83AE38 /* Release */,
			);
			defaultConfigurationIsVisible = 0;
			defaultConfigurationName = Debug;
		};
/* End XCConfigurationList section */

/* Begin XCLocalSwiftPackageReference section */
		40475490E401564EE84E502D /* XCLocalSwiftPackageReference "TimeMasterCore" */ = {
			isa = XCLocalSwiftPackageReference;
			relativePath = TimeMasterCore;
		};
/* End XCLocalSwiftPackageReference section */

/* Begin XCRemoteSwiftPackageReference section */
		9E5451DFC05F1DB9FFA97E90 /* XCRemoteSwiftPackageReference "LiquidGlassKit" */ = {
			isa = XCRemoteSwiftPackageReference;
			repositoryURL = "https://github.com/ThijsMussig/LiquidGlassKit";
			requirement = {
				kind = revision;
				revision = 51ef8d187a466345882b90d281865ceec7bad3b0;
			};
		};
		ADCDE9D1DDDAC1397586B4EA /* XCRemoteSwiftPackageReference "maplibre-gl-native-distribution" */ = {
			isa = XCRemoteSwiftPackageReference;
			repositoryURL = "https://github.com/maplibre/maplibre-gl-native-distribution";
			requirement = {
				kind = upToNextMajorVersion;
				minimumVersion = 6.0.0;
			};
		};
		C73D7CF2D7D649BC79CEB2B6 /* XCRemoteSwiftPackageReference "swift-mp3" */ = {
			isa = XCRemoteSwiftPackageReference;
			repositoryURL = "https://github.com/mierau/swift-mp3.git";
			requirement = {
				kind = upToNextMajorVersion;
				minimumVersion = 1.0;
			};
		};
		D7F3042714C3A535D64E4761 /* XCRemoteSwiftPackageReference "ZIPFoundation" */ = {
			isa = XCRemoteSwiftPackageReference;
			repositoryURL = "https://github.com/weichsel/ZIPFoundation";
			requirement = {
				kind = upToNextMajorVersion;
				minimumVersion = 0.9.0;
			};
		};
/* End XCRemoteSwiftPackageReference section */

/* Begin XCSwiftPackageProductDependency section */
		08B40C23A0D2EC5ACDFA623B /* SwiftMP3 */ = {
			isa = XCSwiftPackageProductDependency;
			package = C73D7CF2D7D649BC79CEB2B6 /* XCRemoteSwiftPackageReference "swift-mp3" */;
			productName = SwiftMP3;
		};
		252C84030B2F7B9008ABFAF3 /* TimeMasterCore */ = {
			isa = XCSwiftPackageProductDependency;
			productName = TimeMasterCore;
		};
		318EF0BBBA22FEF901B5BD35 /* SwiftMP3 */ = {
			isa = XCSwiftPackageProductDependency;
			package = C73D7CF2D7D649BC79CEB2B6 /* XCRemoteSwiftPackageReference "swift-mp3" */;
			productName = SwiftMP3;
		};
		6597294304852DBC80D29D90 /* TimeMasterCore */ = {
			isa = XCSwiftPackageProductDependency;
			productName = TimeMasterCore;
		};
		85E2120C60EC88EBCAB370DF /* ZIPFoundation */ = {
			isa = XCSwiftPackageProductDependency;
			package = D7F3042714C3A535D64E4761 /* XCRemoteSwiftPackageReference "ZIPFoundation" */;
			productName = ZIPFoundation;
		};
		9657EC7E161B4E4B7E8855A2 /* MapLibre */ = {
			isa = XCSwiftPackageProductDependency;
			package = ADCDE9D1DDDAC1397586B4EA /* XCRemoteSwiftPackageReference "maplibre-gl-native-distribution" */;
			productName = MapLibre;
		};
		BBF59F7E7638550A5AE16200 /* ZIPFoundation */ = {
			isa = XCSwiftPackageProductDependency;
			package = D7F3042714C3A535D64E4761 /* XCRemoteSwiftPackageReference "ZIPFoundation" */;
			productName = ZIPFoundation;
		};
		E1F2E895BBE5E9609E17ECAA /* LiquidGlassKit */ = {
			isa = XCSwiftPackageProductDependency;
			package = 9E5451DFC05F1DB9FFA97E90 /* XCRemoteSwiftPackageReference "LiquidGlassKit" */;
			productName = LiquidGlassKit;
		};
/* End XCSwiftPackageProductDependency section */
	};
	rootObject = A81F1550B5F09DC65B9D99F6 /* Project object */;
}
